// !$*UTF8*$!
{
	archiveVersion = 1;
	classes = {
	};
	objectVersion = 50;
	objects = {

/* Begin PBXBuildFile section */
		0C86EC5622ECBF030004D4AE /* LettyTemplateViewController.swift in Sources */ = {isa = PBXBuildFile; fileRef = 0C86EC5522ECBF030004D4AE /* LettyTemplateViewController.swift */; };
		0C86EC5822ECCCC90004D4AE /* LettyBgCollectionViewCell.swift in Sources */ = {isa = PBXBuildFile; fileRef = 0C86EC5722ECCCC90004D4AE /* LettyBgCollectionViewCell.swift */; };
		0C86EC5A22ECCDAB0004D4AE /* LettyBg.swift in Sources */ = {isa = PBXBuildFile; fileRef = 0C86EC5922ECCDAB0004D4AE /* LettyBg.swift */; };
		0C86EC6622F1F4980004D4AE /* EditSectionViewController.swift in Sources */ = {isa = PBXBuildFile; fileRef = 0C86EC6522F1F4980004D4AE /* EditSectionViewController.swift */; };
		0C86EC6922F21FAA0004D4AE /* ColorPickerCollectionViewCell.swift in Sources */ = {isa = PBXBuildFile; fileRef = 0C86EC6822F21FAA0004D4AE /* ColorPickerCollectionViewCell.swift */; };
		0C86EC6B22F35F000004D4AE /* PropertyLoopable.swift in Sources */ = {isa = PBXBuildFile; fileRef = 0C86EC6A22F35EFF0004D4AE /* PropertyLoopable.swift */; };
		0C86EC6D22F3ABD30004D4AE /* FontPickerCollectionViewCell.swift in Sources */ = {isa = PBXBuildFile; fileRef = 0C86EC6C22F3ABD20004D4AE /* FontPickerCollectionViewCell.swift */; };
		0C86EC7822F3D36F0004D4AE /* BebasNeue-Bold.otf in Resources */ = {isa = PBXBuildFile; fileRef = 0C86EC7722F3D36E0004D4AE /* BebasNeue-Bold.otf */; };
		0C86EC7922F3D3800004D4AE /* BebasNeue-Book.otf in Resources */ = {isa = PBXBuildFile; fileRef = 0C86EC7422F3D31E0004D4AE /* BebasNeue-Book.otf */; };
		0C86EC7A22F3D3820004D4AE /* BebasNeue-Light.otf in Resources */ = {isa = PBXBuildFile; fileRef = 0C86EC7522F3D31E0004D4AE /* BebasNeue-Light.otf */; };
		0C86EC7B22F3D3850004D4AE /* BebasNeue-Regular.otf in Resources */ = {isa = PBXBuildFile; fileRef = 0C86EC7222F3D31E0004D4AE /* BebasNeue-Regular.otf */; };
		0C86EC7C22F3D3880004D4AE /* BebasNeue-Thin.otf in Resources */ = {isa = PBXBuildFile; fileRef = 0C86EC7622F3D31E0004D4AE /* BebasNeue-Thin.otf */; };
		0C86ECA722F3D3A80004D4AE /* Pacifico.ttf in Resources */ = {isa = PBXBuildFile; fileRef = 0C86EC7E22F3D3A70004D4AE /* Pacifico.ttf */; };
		0C86ECA822F3D3A80004D4AE /* PlayfairDisplaySC-Regular.otf in Resources */ = {isa = PBXBuildFile; fileRef = 0C86EC8022F3D3A70004D4AE /* PlayfairDisplaySC-Regular.otf */; };
		0C86ECA922F3D3A80004D4AE /* PlayfairDisplay-BoldItalic.otf in Resources */ = {isa = PBXBuildFile; fileRef = 0C86EC8122F3D3A70004D4AE /* PlayfairDisplay-BoldItalic.otf */; };
		0C86ECAA22F3D3A80004D4AE /* PlayfairDisplaySC-Bold.otf in Resources */ = {isa = PBXBuildFile; fileRef = 0C86EC8222F3D3A70004D4AE /* PlayfairDisplaySC-Bold.otf */; };
		0C86ECAB22F3D3A80004D4AE /* PlayfairDisplaySC-Italic.otf in Resources */ = {isa = PBXBuildFile; fileRef = 0C86EC8322F3D3A70004D4AE /* PlayfairDisplaySC-Italic.otf */; };
		0C86ECAC22F3D3A80004D4AE /* PlayfairDisplaySC-Black.otf in Resources */ = {isa = PBXBuildFile; fileRef = 0C86EC8422F3D3A70004D4AE /* PlayfairDisplaySC-Black.otf */; };
		0C86ECAD22F3D3A80004D4AE /* PlayfairDisplay-Bold.otf in Resources */ = {isa = PBXBuildFile; fileRef = 0C86EC8522F3D3A70004D4AE /* PlayfairDisplay-Bold.otf */; };
		0C86ECAE22F3D3A80004D4AE /* PlayfairDisplaySC-BoldItalic.otf in Resources */ = {isa = PBXBuildFile; fileRef = 0C86EC8622F3D3A70004D4AE /* PlayfairDisplaySC-BoldItalic.otf */; };
		0C86ECAF22F3D3A80004D4AE /* PlayfairDisplay-BlackItalic.otf in Resources */ = {isa = PBXBuildFile; fileRef = 0C86EC8722F3D3A70004D4AE /* PlayfairDisplay-BlackItalic.otf */; };
		0C86ECB022F3D3A80004D4AE /* PlayfairDisplay-Black.otf in Resources */ = {isa = PBXBuildFile; fileRef = 0C86EC8822F3D3A70004D4AE /* PlayfairDisplay-Black.otf */; };
		0C86ECB122F3D3A80004D4AE /* PlayfairDisplaySC-BlackItalic.otf in Resources */ = {isa = PBXBuildFile; fileRef = 0C86EC8922F3D3A70004D4AE /* PlayfairDisplaySC-BlackItalic.otf */; };
		0C86ECB222F3D3A80004D4AE /* PlayfairDisplay-Regular.otf in Resources */ = {isa = PBXBuildFile; fileRef = 0C86EC8A22F3D3A70004D4AE /* PlayfairDisplay-Regular.otf */; };
		0C86ECB322F3D3A80004D4AE /* PlayfairDisplay-Italic.otf in Resources */ = {isa = PBXBuildFile; fileRef = 0C86EC8B22F3D3A70004D4AE /* PlayfairDisplay-Italic.otf */; };
		0C86ECB422F3D3A80004D4AE /* introscriptr-h2base.otf in Resources */ = {isa = PBXBuildFile; fileRef = 0C86EC8D22F3D3A70004D4AE /* introscriptr-h2base.otf */; };
		0C86ECB522F3D3A80004D4AE /* introrustg-base2line.otf in Resources */ = {isa = PBXBuildFile; fileRef = 0C86EC8E22F3D3A70004D4AE /* introrustg-base2line.otf */; };
		0C86ECB622F3D3A80004D4AE /* introheadr-base.otf in Resources */ = {isa = PBXBuildFile; fileRef = 0C86EC8F22F3D3A70004D4AE /* introheadr-base.otf */; };
		0C86ECB722F3D3A80004D4AE /* Lobster.otf in Resources */ = {isa = PBXBuildFile; fileRef = 0C86EC9122F3D3A70004D4AE /* Lobster.otf */; };
		0C86ECB822F3D3A80004D4AE /* geometria-light.otf in Resources */ = {isa = PBXBuildFile; fileRef = 0C86EC9322F3D3A70004D4AE /* geometria-light.otf */; };
		0C86ECB922F3D3A80004D4AE /* CaviarDreams-Bold.ttf in Resources */ = {isa = PBXBuildFile; fileRef = 0C86EC9522F3D3A70004D4AE /* CaviarDreams-Bold.ttf */; };
		0C86ECBA22F3D3A80004D4AE /* CaviarDreams-BoldItalic.ttf in Resources */ = {isa = PBXBuildFile; fileRef = 0C86EC9622F3D3A70004D4AE /* CaviarDreams-BoldItalic.ttf */; };
		0C86ECBB22F3D3A80004D4AE /* CaviarDreams-Regular.ttf in Resources */ = {isa = PBXBuildFile; fileRef = 0C86EC9722F3D3A70004D4AE /* CaviarDreams-Regular.ttf */; };
		0C86ECBC22F3D3A80004D4AE /* CaviarDreams-Italic.ttf in Resources */ = {isa = PBXBuildFile; fileRef = 0C86EC9822F3D3A70004D4AE /* CaviarDreams-Italic.ttf */; };
		0C86ECBD22F3D3A80004D4AE /* DancingScript-Regular.otf in Resources */ = {isa = PBXBuildFile; fileRef = 0C86EC9A22F3D3A70004D4AE /* DancingScript-Regular.otf */; };
		0C86ECBE22F3D3A80004D4AE /* KaushanScript-Regular.otf in Resources */ = {isa = PBXBuildFile; fileRef = 0C86EC9C22F3D3A70004D4AE /* KaushanScript-Regular.otf */; };
		0C86ECBF22F3D3A80004D4AE /* learning_curve_dashed_ot_ps.otf in Resources */ = {isa = PBXBuildFile; fileRef = 0C86EC9E22F3D3A80004D4AE /* learning_curve_dashed_ot_ps.otf */; };
		0C86ECC022F3D3A80004D4AE /* learning_curve_regular_ot_ps.otf in Resources */ = {isa = PBXBuildFile; fileRef = 0C86EC9F22F3D3A80004D4AE /* learning_curve_regular_ot_ps.otf */; };
		0C86ECC222F3D3A80004D4AE /* learning_curve_bold_ot_ps.otf in Resources */ = {isa = PBXBuildFile; fileRef = 0C86ECA122F3D3A80004D4AE /* learning_curve_bold_ot_ps.otf */; };
		0C86ECC322F3D3A80004D4AE /* NexaRustHandmade-Extended-Free.otf in Resources */ = {isa = PBXBuildFile; fileRef = 0C86ECA322F3D3A80004D4AE /* NexaRustHandmade-Extended-Free.otf */; };
		0C86ECC422F3D3A80004D4AE /* NexaRustSlab-BlackShadow01-Free.otf in Resources */ = {isa = PBXBuildFile; fileRef = 0C86ECA422F3D3A80004D4AE /* NexaRustSlab-BlackShadow01-Free.otf */; };
		0C86ECC522F3D3A80004D4AE /* NexaRustScriptL-0-Free.otf in Resources */ = {isa = PBXBuildFile; fileRef = 0C86ECA522F3D3A80004D4AE /* NexaRustScriptL-0-Free.otf */; };
		0C86ECC622F3D3A80004D4AE /* NexaRustSans-Black-Free.otf in Resources */ = {isa = PBXBuildFile; fileRef = 0C86ECA622F3D3A80004D4AE /* NexaRustSans-Black-Free.otf */; };
		0C86ECC922F3D3BC0004D4AE /* Sofia-Regular.otf in Resources */ = {isa = PBXBuildFile; fileRef = 0C86ECC822F3D3BC0004D4AE /* Sofia-Regular.otf */; };
		0C86ECCC22F4AD900004D4AE /* CenterCurvedOneTemplate.swift in Sources */ = {isa = PBXBuildFile; fileRef = 0C86ECCB22F4AD900004D4AE /* CenterCurvedOneTemplate.swift */; };
		0C86ECCE22F51B490004D4AE /* UIColorExtension.swift in Sources */ = {isa = PBXBuildFile; fileRef = 0C86ECCD22F51B490004D4AE /* UIColorExtension.swift */; };
		0C86ECD022F521B10004D4AE /* CenterCurvedTwoTemplate.swift in Sources */ = {isa = PBXBuildFile; fileRef = 0C86ECCF22F521B10004D4AE /* CenterCurvedTwoTemplate.swift */; };
		0C86ECD222F5FF980004D4AE /* CircleOneTemplate.swift in Sources */ = {isa = PBXBuildFile; fileRef = 0C86ECD122F5FF980004D4AE /* CircleOneTemplate.swift */; };
		0C86ECD422F602960004D4AE /* BasicOneTemplate.swift in Sources */ = {isa = PBXBuildFile; fileRef = 0C86ECD322F602960004D4AE /* BasicOneTemplate.swift */; };
		0C93C30622EB892F00A5973B /* SimpleOneTemplate.swift in Sources */ = {isa = PBXBuildFile; fileRef = 0C93C30522EB892F00A5973B /* SimpleOneTemplate.swift */; };
		0C93C30822EB8B1200A5973B /* UIViewExtension.swift in Sources */ = {isa = PBXBuildFile; fileRef = 0C93C30722EB8B1200A5973B /* UIViewExtension.swift */; };
		0C93C30A22EB8B3600A5973B /* PropertyConcatente.swift in Sources */ = {isa = PBXBuildFile; fileRef = 0C93C30922EB8B3600A5973B /* PropertyConcatente.swift */; };
		0C93C31022EBA33A00A5973B /* Colors.swift in Sources */ = {isa = PBXBuildFile; fileRef = 0C93C30F22EBA33A00A5973B /* Colors.swift */; };
		0C93C31322EBA3E100A5973B /* AbrilFatface-Regular.otf in Resources */ = {isa = PBXBuildFile; fileRef = 0C93C31222EBA3E100A5973B /* AbrilFatface-Regular.otf */; };
		0C93C33122EBAA2600A5973B /* Fonts.swift in Sources */ = {isa = PBXBuildFile; fileRef = 0C93C33022EBAA2600A5973B /* Fonts.swift */; };
		0C93C33422EBAADB00A5973B /* LettyTemplate.swift in Sources */ = {isa = PBXBuildFile; fileRef = 0C93C33322EBAADB00A5973B /* LettyTemplate.swift */; };
		0C93C33722EBAC9200A5973B /* LettyTemplateCollectionViewCell.swift in Sources */ = {isa = PBXBuildFile; fileRef = 0C93C33622EBAC9200A5973B /* LettyTemplateCollectionViewCell.swift */; };
		0C93C33922ECA66F00A5973B /* Allura-Regular.otf in Resources */ = {isa = PBXBuildFile; fileRef = 0C93C33822ECA66900A5973B /* Allura-Regular.otf */; };
		0C93C33B22ECA6D800A5973B /* riffic-bold.ttf in Resources */ = {isa = PBXBuildFile; fileRef = 0C93C33A22ECA6D500A5973B /* riffic-bold.ttf */; };
		0CAF601A23C64F8400D60062 /* Gallery.xcdatamodeld in Sources */ = {isa = PBXBuildFile; fileRef = 0CAF601823C64F8400D60062 /* Gallery.xcdatamodeld */; };
		0CAF601C23C651DC00D60062 /* CoreDataManager.swift in Sources */ = {isa = PBXBuildFile; fileRef = 0CAF601B23C651DC00D60062 /* CoreDataManager.swift */; };
		0CAF601F23C6532C00D60062 /* ErrorHandler.swift in Sources */ = {isa = PBXBuildFile; fileRef = 0CAF601E23C6532C00D60062 /* ErrorHandler.swift */; };
		0CB160D123C8112300C4828D /* AppConfig.swift in Sources */ = {isa = PBXBuildFile; fileRef = 0CB160D023C8112300C4828D /* AppConfig.swift */; };
		0CCE58D7248D7408004CC13C /* LettyTemplating.swift in Sources */ = {isa = PBXBuildFile; fileRef = 0CCE58D6248D7408004CC13C /* LettyTemplating.swift */; };
		0CFD8BFB22E9E979001F3837 /* AppDelegate.swift in Sources */ = {isa = PBXBuildFile; fileRef = 0CFD8BFA22E9E979001F3837 /* AppDelegate.swift */; };
		0CFD8BFD22E9E979001F3837 /* MainViewController.swift in Sources */ = {isa = PBXBuildFile; fileRef = 0CFD8BFC22E9E979001F3837 /* MainViewController.swift */; };
		0CFD8C0222E9E97A001F3837 /* Assets.xcassets in Resources */ = {isa = PBXBuildFile; fileRef = 0CFD8C0122E9E97A001F3837 /* Assets.xcassets */; };
		0CFD8C0522E9E97A001F3837 /* LaunchScreen.storyboard in Resources */ = {isa = PBXBuildFile; fileRef = 0CFD8C0322E9E97A001F3837 /* LaunchScreen.storyboard */; };
		0CFD8C1022E9E97A001F3837 /* LetterinTests.swift in Sources */ = {isa = PBXBuildFile; fileRef = 0CFD8C0F22E9E97A001F3837 /* LetterinTests.swift */; };
		0CFD8C1B22E9F523001F3837 /* CanvasView.swift in Sources */ = {isa = PBXBuildFile; fileRef = 0CFD8C1A22E9F523001F3837 /* CanvasView.swift */; };
		0CFD8C1D22EB791A001F3837 /* LetteringSectionView.swift in Sources */ = {isa = PBXBuildFile; fileRef = 0CFD8C1C22EB791A001F3837 /* LetteringSectionView.swift */; };
		0CFD8C2022EB79F3001F3837 /* CGFloatExtension.swift in Sources */ = {isa = PBXBuildFile; fileRef = 0CFD8C1F22EB79F3001F3837 /* CGFloatExtension.swift */; };
		0CFD8C2522EB7F6C001F3837 /* LetteringTemplate.swift in Sources */ = {isa = PBXBuildFile; fileRef = 0CFD8C2422EB7F6C001F3837 /* LetteringTemplate.swift */; };
/* End PBXBuildFile section */

/* Begin PBXContainerItemProxy section */
		0CFD8C0C22E9E97A001F3837 /* PBXContainerItemProxy */ = {
			isa = PBXContainerItemProxy;
			containerPortal = 0CFD8BEF22E9E979001F3837 /* Project object */;
			proxyType = 1;
			remoteGlobalIDString = 0CFD8BF622E9E979001F3837;
			remoteInfo = Letterin;
		};
/* End PBXContainerItemProxy section */

/* Begin PBXFileReference section */
		0C86EC5522ECBF030004D4AE /* LettyTemplateViewController.swift */ = {isa = PBXFileReference; lastKnownFileType = sourcecode.swift; path = LettyTemplateViewController.swift; sourceTree = "<group>"; };
		0C86EC5722ECCCC90004D4AE /* LettyBgCollectionViewCell.swift */ = {isa = PBXFileReference; lastKnownFileType = sourcecode.swift; path = LettyBgCollectionViewCell.swift; sourceTree = "<group>"; };
		0C86EC5922ECCDAB0004D4AE /* LettyBg.swift */ = {isa = PBXFileReference; lastKnownFileType = sourcecode.swift; path = LettyBg.swift; sourceTree = "<group>"; };
		0C86EC6522F1F4980004D4AE /* EditSectionViewController.swift */ = {isa = PBXFileReference; lastKnownFileType = sourcecode.swift; path = EditSectionViewController.swift; sourceTree = "<group>"; };
		0C86EC6822F21FAA0004D4AE /* ColorPickerCollectionViewCell.swift */ = {isa = PBXFileReference; lastKnownFileType = sourcecode.swift; path = ColorPickerCollectionViewCell.swift; sourceTree = "<group>"; };
		0C86EC6A22F35EFF0004D4AE /* PropertyLoopable.swift */ = {isa = PBXFileReference; lastKnownFileType = sourcecode.swift; path = PropertyLoopable.swift; sourceTree = "<group>"; };
		0C86EC6C22F3ABD20004D4AE /* FontPickerCollectionViewCell.swift */ = {isa = PBXFileReference; lastKnownFileType = sourcecode.swift; path = FontPickerCollectionViewCell.swift; sourceTree = "<group>"; };
		0C86EC7222F3D31E0004D4AE /* BebasNeue-Regular.otf */ = {isa = PBXFileReference; lastKnownFileType = file; path = "BebasNeue-Regular.otf"; sourceTree = "<group>"; };
		0C86EC7422F3D31E0004D4AE /* BebasNeue-Book.otf */ = {isa = PBXFileReference; lastKnownFileType = file; path = "BebasNeue-Book.otf"; sourceTree = "<group>"; };
		0C86EC7522F3D31E0004D4AE /* BebasNeue-Light.otf */ = {isa = PBXFileReference; lastKnownFileType = file; path = "BebasNeue-Light.otf"; sourceTree = "<group>"; };
		0C86EC7622F3D31E0004D4AE /* BebasNeue-Thin.otf */ = {isa = PBXFileReference; lastKnownFileType = file; path = "BebasNeue-Thin.otf"; sourceTree = "<group>"; };
		0C86EC7722F3D36E0004D4AE /* BebasNeue-Bold.otf */ = {isa = PBXFileReference; lastKnownFileType = file; path = "BebasNeue-Bold.otf"; sourceTree = "<group>"; };
		0C86EC7E22F3D3A70004D4AE /* Pacifico.ttf */ = {isa = PBXFileReference; lastKnownFileType = file; path = Pacifico.ttf; sourceTree = "<group>"; };
		0C86EC8022F3D3A70004D4AE /* PlayfairDisplaySC-Regular.otf */ = {isa = PBXFileReference; lastKnownFileType = file; path = "PlayfairDisplaySC-Regular.otf"; sourceTree = "<group>"; };
		0C86EC8122F3D3A70004D4AE /* PlayfairDisplay-BoldItalic.otf */ = {isa = PBXFileReference; lastKnownFileType = file; path = "PlayfairDisplay-BoldItalic.otf"; sourceTree = "<group>"; };
		0C86EC8222F3D3A70004D4AE /* PlayfairDisplaySC-Bold.otf */ = {isa = PBXFileReference; lastKnownFileType = file; path = "PlayfairDisplaySC-Bold.otf"; sourceTree = "<group>"; };
		0C86EC8322F3D3A70004D4AE /* PlayfairDisplaySC-Italic.otf */ = {isa = PBXFileReference; lastKnownFileType = file; path = "PlayfairDisplaySC-Italic.otf"; sourceTree = "<group>"; };
		0C86EC8422F3D3A70004D4AE /* PlayfairDisplaySC-Black.otf */ = {isa = PBXFileReference; lastKnownFileType = file; path = "PlayfairDisplaySC-Black.otf"; sourceTree = "<group>"; };
		0C86EC8522F3D3A70004D4AE /* PlayfairDisplay-Bold.otf */ = {isa = PBXFileReference; lastKnownFileType = file; path = "PlayfairDisplay-Bold.otf"; sourceTree = "<group>"; };
		0C86EC8622F3D3A70004D4AE /* PlayfairDisplaySC-BoldItalic.otf */ = {isa = PBXFileReference; lastKnownFileType = file; path = "PlayfairDisplaySC-BoldItalic.otf"; sourceTree = "<group>"; };
		0C86EC8722F3D3A70004D4AE /* PlayfairDisplay-BlackItalic.otf */ = {isa = PBXFileReference; lastKnownFileType = file; path = "PlayfairDisplay-BlackItalic.otf"; sourceTree = "<group>"; };
		0C86EC8822F3D3A70004D4AE /* PlayfairDisplay-Black.otf */ = {isa = PBXFileReference; lastKnownFileType = file; path = "PlayfairDisplay-Black.otf"; sourceTree = "<group>"; };
		0C86EC8922F3D3A70004D4AE /* PlayfairDisplaySC-BlackItalic.otf */ = {isa = PBXFileReference; lastKnownFileType = file; path = "PlayfairDisplaySC-BlackItalic.otf"; sourceTree = "<group>"; };
		0C86EC8A22F3D3A70004D4AE /* PlayfairDisplay-Regular.otf */ = {isa = PBXFileReference; lastKnownFileType = file; path = "PlayfairDisplay-Regular.otf"; sourceTree = "<group>"; };
		0C86EC8B22F3D3A70004D4AE /* PlayfairDisplay-Italic.otf */ = {isa = PBXFileReference; lastKnownFileType = file; path = "PlayfairDisplay-Italic.otf"; sourceTree = "<group>"; };
		0C86EC8D22F3D3A70004D4AE /* introscriptr-h2base.otf */ = {isa = PBXFileReference; lastKnownFileType = file; path = "introscriptr-h2base.otf"; sourceTree = "<group>"; };
		0C86EC8E22F3D3A70004D4AE /* introrustg-base2line.otf */ = {isa = PBXFileReference; lastKnownFileType = file; path = "introrustg-base2line.otf"; sourceTree = "<group>"; };
		0C86EC8F22F3D3A70004D4AE /* introheadr-base.otf */ = {isa = PBXFileReference; lastKnownFileType = file; path = "introheadr-base.otf"; sourceTree = "<group>"; };
		0C86EC9122F3D3A70004D4AE /* Lobster.otf */ = {isa = PBXFileReference; lastKnownFileType = file; path = Lobster.otf; sourceTree = "<group>"; };
		0C86EC9322F3D3A70004D4AE /* geometria-light.otf */ = {isa = PBXFileReference; lastKnownFileType = file; path = "geometria-light.otf"; sourceTree = "<group>"; };
		0C86EC9522F3D3A70004D4AE /* CaviarDreams-Bold.ttf */ = {isa = PBXFileReference; lastKnownFileType = file; path = "CaviarDreams-Bold.ttf"; sourceTree = "<group>"; };
		0C86EC9622F3D3A70004D4AE /* CaviarDreams-BoldItalic.ttf */ = {isa = PBXFileReference; lastKnownFileType = file; path = "CaviarDreams-BoldItalic.ttf"; sourceTree = "<group>"; };
		0C86EC9722F3D3A70004D4AE /* CaviarDreams-Regular.ttf */ = {isa = PBXFileReference; lastKnownFileType = file; path = "CaviarDreams-Regular.ttf"; sourceTree = "<group>"; };
		0C86EC9822F3D3A70004D4AE /* CaviarDreams-Italic.ttf */ = {isa = PBXFileReference; lastKnownFileType = file; path = "CaviarDreams-Italic.ttf"; sourceTree = "<group>"; };
		0C86EC9A22F3D3A70004D4AE /* DancingScript-Regular.otf */ = {isa = PBXFileReference; lastKnownFileType = file; path = "DancingScript-Regular.otf"; sourceTree = "<group>"; };
		0C86EC9C22F3D3A70004D4AE /* KaushanScript-Regular.otf */ = {isa = PBXFileReference; lastKnownFileType = file; path = "KaushanScript-Regular.otf"; sourceTree = "<group>"; };
		0C86EC9E22F3D3A80004D4AE /* learning_curve_dashed_ot_ps.otf */ = {isa = PBXFileReference; lastKnownFileType = file; path = learning_curve_dashed_ot_ps.otf; sourceTree = "<group>"; };
		0C86EC9F22F3D3A80004D4AE /* learning_curve_regular_ot_ps.otf */ = {isa = PBXFileReference; lastKnownFileType = file; path = learning_curve_regular_ot_ps.otf; sourceTree = "<group>"; };
		0C86ECA122F3D3A80004D4AE /* learning_curve_bold_ot_ps.otf */ = {isa = PBXFileReference; lastKnownFileType = file; path = learning_curve_bold_ot_ps.otf; sourceTree = "<group>"; };
		0C86ECA322F3D3A80004D4AE /* NexaRustHandmade-Extended-Free.otf */ = {isa = PBXFileReference; lastKnownFileType = file; path = "NexaRustHandmade-Extended-Free.otf"; sourceTree = "<group>"; };
		0C86ECA422F3D3A80004D4AE /* NexaRustSlab-BlackShadow01-Free.otf */ = {isa = PBXFileReference; lastKnownFileType = file; path = "NexaRustSlab-BlackShadow01-Free.otf"; sourceTree = "<group>"; };
		0C86ECA522F3D3A80004D4AE /* NexaRustScriptL-0-Free.otf */ = {isa = PBXFileReference; lastKnownFileType = file; path = "NexaRustScriptL-0-Free.otf"; sourceTree = "<group>"; };
		0C86ECA622F3D3A80004D4AE /* NexaRustSans-Black-Free.otf */ = {isa = PBXFileReference; lastKnownFileType = file; path = "NexaRustSans-Black-Free.otf"; sourceTree = "<group>"; };
		0C86ECC822F3D3BC0004D4AE /* Sofia-Regular.otf */ = {isa = PBXFileReference; lastKnownFileType = file; path = "Sofia-Regular.otf"; sourceTree = "<group>"; };
		0C86ECCB22F4AD900004D4AE /* CenterCurvedOneTemplate.swift */ = {isa = PBXFileReference; lastKnownFileType = sourcecode.swift; path = CenterCurvedOneTemplate.swift; sourceTree = "<group>"; };
		0C86ECCD22F51B490004D4AE /* UIColorExtension.swift */ = {isa = PBXFileReference; lastKnownFileType = sourcecode.swift; path = UIColorExtension.swift; sourceTree = "<group>"; };
		0C86ECCF22F521B10004D4AE /* CenterCurvedTwoTemplate.swift */ = {isa = PBXFileReference; lastKnownFileType = sourcecode.swift; path = CenterCurvedTwoTemplate.swift; sourceTree = "<group>"; };
		0C86ECD122F5FF980004D4AE /* CircleOneTemplate.swift */ = {isa = PBXFileReference; lastKnownFileType = sourcecode.swift; path = CircleOneTemplate.swift; sourceTree = "<group>"; };
		0C86ECD322F602960004D4AE /* BasicOneTemplate.swift */ = {isa = PBXFileReference; lastKnownFileType = sourcecode.swift; path = BasicOneTemplate.swift; sourceTree = "<group>"; };
		0C93C30522EB892F00A5973B /* SimpleOneTemplate.swift */ = {isa = PBXFileReference; lastKnownFileType = sourcecode.swift; path = SimpleOneTemplate.swift; sourceTree = "<group>"; };
		0C93C30722EB8B1200A5973B /* UIViewExtension.swift */ = {isa = PBXFileReference; lastKnownFileType = sourcecode.swift; path = UIViewExtension.swift; sourceTree = "<group>"; };
		0C93C30922EB8B3600A5973B /* PropertyConcatente.swift */ = {isa = PBXFileReference; lastKnownFileType = sourcecode.swift; path = PropertyConcatente.swift; sourceTree = "<group>"; };
		0C93C30F22EBA33A00A5973B /* Colors.swift */ = {isa = PBXFileReference; lastKnownFileType = sourcecode.swift; path = Colors.swift; sourceTree = "<group>"; };
		0C93C31222EBA3E100A5973B /* AbrilFatface-Regular.otf */ = {isa = PBXFileReference; lastKnownFileType = file; path = "AbrilFatface-Regular.otf"; sourceTree = "<group>"; };
		0C93C33022EBAA2600A5973B /* Fonts.swift */ = {isa = PBXFileReference; lastKnownFileType = sourcecode.swift; path = Fonts.swift; sourceTree = "<group>"; };
		0C93C33322EBAADB00A5973B /* LettyTemplate.swift */ = {isa = PBXFileReference; lastKnownFileType = sourcecode.swift; path = LettyTemplate.swift; sourceTree = "<group>"; };
		0C93C33622EBAC9200A5973B /* LettyTemplateCollectionViewCell.swift */ = {isa = PBXFileReference; lastKnownFileType = sourcecode.swift; path = LettyTemplateCollectionViewCell.swift; sourceTree = "<group>"; };
		0C93C33822ECA66900A5973B /* Allura-Regular.otf */ = {isa = PBXFileReference; lastKnownFileType = file; path = "Allura-Regular.otf"; sourceTree = "<group>"; };
		0C93C33A22ECA6D500A5973B /* riffic-bold.ttf */ = {isa = PBXFileReference; lastKnownFileType = file; path = "riffic-bold.ttf"; sourceTree = "<group>"; };
		0CAF601923C64F8400D60062 /* Gallery.xcdatamodel */ = {isa = PBXFileReference; lastKnownFileType = wrapper.xcdatamodel; path = Gallery.xcdatamodel; sourceTree = "<group>"; };
		0CAF601B23C651DC00D60062 /* CoreDataManager.swift */ = {isa = PBXFileReference; lastKnownFileType = sourcecode.swift; path = CoreDataManager.swift; sourceTree = "<group>"; };
		0CAF601E23C6532C00D60062 /* ErrorHandler.swift */ = {isa = PBXFileReference; lastKnownFileType = sourcecode.swift; path = ErrorHandler.swift; sourceTree = "<group>"; };
		0CB160D023C8112300C4828D /* AppConfig.swift */ = {isa = PBXFileReference; lastKnownFileType = sourcecode.swift; path = AppConfig.swift; sourceTree = "<group>"; };
		0CCE58D6248D7408004CC13C /* LettyTemplating.swift */ = {isa = PBXFileReference; lastKnownFileType = sourcecode.swift; path = LettyTemplating.swift; sourceTree = "<group>"; };
		0CFD8BF722E9E979001F3837 /* Letterin.app */ = {isa = PBXFileReference; explicitFileType = wrapper.application; includeInIndex = 0; path = Letterin.app; sourceTree = BUILT_PRODUCTS_DIR; };
		0CFD8BFA22E9E979001F3837 /* AppDelegate.swift */ = {isa = PBXFileReference; lastKnownFileType = sourcecode.swift; path = AppDelegate.swift; sourceTree = "<group>"; };
		0CFD8BFC22E9E979001F3837 /* MainViewController.swift */ = {isa = PBXFileReference; lastKnownFileType = sourcecode.swift; path = MainViewController.swift; sourceTree = "<group>"; };
		0CFD8C0122E9E97A001F3837 /* Assets.xcassets */ = {isa = PBXFileReference; lastKnownFileType = folder.assetcatalog; path = Assets.xcassets; sourceTree = "<group>"; };
		0CFD8C0422E9E97A001F3837 /* Base */ = {isa = PBXFileReference; lastKnownFileType = file.storyboard; name = Base; path = Base.lproj/LaunchScreen.storyboard; sourceTree = "<group>"; };
		0CFD8C0622E9E97A001F3837 /* Info.plist */ = {isa = PBXFileReference; lastKnownFileType = text.plist.xml; path = Info.plist; sourceTree = "<group>"; };
		0CFD8C0B22E9E97A001F3837 /* LetterinTests.xctest */ = {isa = PBXFileReference; explicitFileType = wrapper.cfbundle; includeInIndex = 0; path = LetterinTests.xctest; sourceTree = BUILT_PRODUCTS_DIR; };
		0CFD8C0F22E9E97A001F3837 /* LetterinTests.swift */ = {isa = PBXFileReference; lastKnownFileType = sourcecode.swift; path = LetterinTests.swift; sourceTree = "<group>"; };
		0CFD8C1122E9E97A001F3837 /* Info.plist */ = {isa = PBXFileReference; lastKnownFileType = text.plist.xml; path = Info.plist; sourceTree = "<group>"; };
		0CFD8C1A22E9F523001F3837 /* CanvasView.swift */ = {isa = PBXFileReference; lastKnownFileType = sourcecode.swift; path = CanvasView.swift; sourceTree = "<group>"; };
		0CFD8C1C22EB791A001F3837 /* LetteringSectionView.swift */ = {isa = PBXFileReference; lastKnownFileType = sourcecode.swift; path = LetteringSectionView.swift; sourceTree = "<group>"; };
		0CFD8C1F22EB79F3001F3837 /* CGFloatExtension.swift */ = {isa = PBXFileReference; lastKnownFileType = sourcecode.swift; path = CGFloatExtension.swift; sourceTree = "<group>"; };
		0CFD8C2422EB7F6C001F3837 /* LetteringTemplate.swift */ = {isa = PBXFileReference; lastKnownFileType = sourcecode.swift; path = LetteringTemplate.swift; sourceTree = "<group>"; };
/* End PBXFileReference section */

/* Begin PBXFrameworksBuildPhase section */
		0CFD8BF422E9E979001F3837 /* Frameworks */ = {
			isa = PBXFrameworksBuildPhase;
			buildActionMask = 2147483647;
			files = (
			);
			runOnlyForDeploymentPostprocessing = 0;
		};
		0CFD8C0822E9E97A001F3837 /* Frameworks */ = {
			isa = PBXFrameworksBuildPhase;
			buildActionMask = 2147483647;
			files = (
			);
			runOnlyForDeploymentPostprocessing = 0;
		};
/* End PBXFrameworksBuildPhase section */

/* Begin PBXGroup section */
		0C86EC6722F1F50E0004D4AE /* Views */ = {
			isa = PBXGroup;
			children = (
				0CFD8C1C22EB791A001F3837 /* LetteringSectionView.swift */,
				0C93C33522EBAC7700A5973B /* Cells */,
				0C93C30322EB888600A5973B /* Templates */,
			);
			path = Views;
			sourceTree = "<group>";
		};
		0C86EC6E22F3D2C00004D4AE /* Riffic */ = {
			isa = PBXGroup;
			children = (
				0C93C33A22ECA6D500A5973B /* riffic-bold.ttf */,
			);
			path = Riffic;
			sourceTree = "<group>";
		};
		0C86EC6F22F3D2F50004D4AE /* BebasNeue */ = {
			isa = PBXGroup;
			children = (
				0C86EC7722F3D36E0004D4AE /* BebasNeue-Bold.otf */,
				0C86EC7422F3D31E0004D4AE /* BebasNeue-Book.otf */,
				0C86EC7522F3D31E0004D4AE /* BebasNeue-Light.otf */,
				0C86EC7222F3D31E0004D4AE /* BebasNeue-Regular.otf */,
				0C86EC7622F3D31E0004D4AE /* BebasNeue-Thin.otf */,
			);
			path = BebasNeue;
			sourceTree = "<group>";
		};
		0C86EC7D22F3D3A70004D4AE /* Pacifico */ = {
			isa = PBXGroup;
			children = (
				0C86EC7E22F3D3A70004D4AE /* Pacifico.ttf */,
			);
			path = Pacifico;
			sourceTree = "<group>";
		};
		0C86EC7F22F3D3A70004D4AE /* Playfair */ = {
			isa = PBXGroup;
			children = (
				0C86EC8022F3D3A70004D4AE /* PlayfairDisplaySC-Regular.otf */,
				0C86EC8122F3D3A70004D4AE /* PlayfairDisplay-BoldItalic.otf */,
				0C86EC8222F3D3A70004D4AE /* PlayfairDisplaySC-Bold.otf */,
				0C86EC8322F3D3A70004D4AE /* PlayfairDisplaySC-Italic.otf */,
				0C86EC8422F3D3A70004D4AE /* PlayfairDisplaySC-Black.otf */,
				0C86EC8522F3D3A70004D4AE /* PlayfairDisplay-Bold.otf */,
				0C86EC8622F3D3A70004D4AE /* PlayfairDisplaySC-BoldItalic.otf */,
				0C86EC8722F3D3A70004D4AE /* PlayfairDisplay-BlackItalic.otf */,
				0C86EC8822F3D3A70004D4AE /* PlayfairDisplay-Black.otf */,
				0C86EC8922F3D3A70004D4AE /* PlayfairDisplaySC-BlackItalic.otf */,
				0C86EC8A22F3D3A70004D4AE /* PlayfairDisplay-Regular.otf */,
				0C86EC8B22F3D3A70004D4AE /* PlayfairDisplay-Italic.otf */,
			);
			path = Playfair;
			sourceTree = "<group>";
		};
		0C86EC8C22F3D3A70004D4AE /* Intro */ = {
			isa = PBXGroup;
			children = (
				0C86EC8D22F3D3A70004D4AE /* introscriptr-h2base.otf */,
				0C86EC8E22F3D3A70004D4AE /* introrustg-base2line.otf */,
				0C86EC8F22F3D3A70004D4AE /* introheadr-base.otf */,
			);
			path = Intro;
			sourceTree = "<group>";
		};
		0C86EC9022F3D3A70004D4AE /* Lobster */ = {
			isa = PBXGroup;
			children = (
				0C86EC9122F3D3A70004D4AE /* Lobster.otf */,
			);
			path = Lobster;
			sourceTree = "<group>";
		};
		0C86EC9222F3D3A70004D4AE /* Geometria */ = {
			isa = PBXGroup;
			children = (
				0C86EC9322F3D3A70004D4AE /* geometria-light.otf */,
			);
			path = Geometria;
			sourceTree = "<group>";
		};
		0C86EC9422F3D3A70004D4AE /* Caviar Dreams */ = {
			isa = PBXGroup;
			children = (
				0C86EC9522F3D3A70004D4AE /* CaviarDreams-Bold.ttf */,
				0C86EC9622F3D3A70004D4AE /* CaviarDreams-BoldItalic.ttf */,
				0C86EC9722F3D3A70004D4AE /* CaviarDreams-Regular.ttf */,
				0C86EC9822F3D3A70004D4AE /* CaviarDreams-Italic.ttf */,
			);
			path = "Caviar Dreams";
			sourceTree = "<group>";
		};
		0C86EC9922F3D3A70004D4AE /* Dancing Script */ = {
			isa = PBXGroup;
			children = (
				0C86EC9A22F3D3A70004D4AE /* DancingScript-Regular.otf */,
			);
			path = "Dancing Script";
			sourceTree = "<group>";
		};
		0C86EC9B22F3D3A70004D4AE /* kaushan-script */ = {
			isa = PBXGroup;
			children = (
				0C86EC9C22F3D3A70004D4AE /* KaushanScript-Regular.otf */,
			);
			path = "kaushan-script";
			sourceTree = "<group>";
		};
		0C86EC9D22F3D3A80004D4AE /* Learning Curve */ = {
			isa = PBXGroup;
			children = (
				0C86EC9E22F3D3A80004D4AE /* learning_curve_dashed_ot_ps.otf */,
				0C86EC9F22F3D3A80004D4AE /* learning_curve_regular_ot_ps.otf */,
				0C86ECA122F3D3A80004D4AE /* learning_curve_bold_ot_ps.otf */,
			);
			path = "Learning Curve";
			sourceTree = "<group>";
		};
		0C86ECA222F3D3A80004D4AE /* Nexa Rust */ = {
			isa = PBXGroup;
			children = (
				0C86ECA322F3D3A80004D4AE /* NexaRustHandmade-Extended-Free.otf */,
				0C86ECA422F3D3A80004D4AE /* NexaRustSlab-BlackShadow01-Free.otf */,
				0C86ECA522F3D3A80004D4AE /* NexaRustScriptL-0-Free.otf */,
				0C86ECA622F3D3A80004D4AE /* NexaRustSans-Black-Free.otf */,
			);
			path = "Nexa Rust";
			sourceTree = "<group>";
		};
		0C86ECC722F3D3BC0004D4AE /* Sofia */ = {
			isa = PBXGroup;
			children = (
				0C86ECC822F3D3BC0004D4AE /* Sofia-Regular.otf */,
			);
			path = Sofia;
			sourceTree = "<group>";
		};
		0C93C30322EB888600A5973B /* Templates */ = {
			isa = PBXGroup;
			children = (
				0CCE58D6248D7408004CC13C /* LettyTemplating.swift */,
				0C86ECD322F602960004D4AE /* BasicOneTemplate.swift */,
				0C93C30522EB892F00A5973B /* SimpleOneTemplate.swift */,
				0C86ECCB22F4AD900004D4AE /* CenterCurvedOneTemplate.swift */,
				0C86ECCF22F521B10004D4AE /* CenterCurvedTwoTemplate.swift */,
				0C86ECD122F5FF980004D4AE /* CircleOneTemplate.swift */,
			);
			path = Templates;
			sourceTree = "<group>";
		};
		0C93C30422EB889400A5973B /* Utils */ = {
			isa = PBXGroup;
			children = (
				0CFD8C1F22EB79F3001F3837 /* CGFloatExtension.swift */,
				0C93C30922EB8B3600A5973B /* PropertyConcatente.swift */,
				0C93C30722EB8B1200A5973B /* UIViewExtension.swift */,
				0C86EC6A22F35EFF0004D4AE /* PropertyLoopable.swift */,
				0C86ECCD22F51B490004D4AE /* UIColorExtension.swift */,
			);
			path = Utils;
			sourceTree = "<group>";
		};
		0C93C30B22EB9C0000A5973B /* ViewControllers */ = {
			isa = PBXGroup;
			children = (
				0CFD8BFC22E9E979001F3837 /* MainViewController.swift */,
				0C86EC5522ECBF030004D4AE /* LettyTemplateViewController.swift */,
				0C86EC6522F1F4980004D4AE /* EditSectionViewController.swift */,
			);
			path = ViewControllers;
			sourceTree = "<group>";
		};
		0C93C30E22EBA32700A5973B /* Constants */ = {
			isa = PBXGroup;
			children = (
				0C93C30F22EBA33A00A5973B /* Colors.swift */,
				0C93C33022EBAA2600A5973B /* Fonts.swift */,
			);
			path = Constants;
			sourceTree = "<group>";
		};
		0C93C31122EBA34B00A5973B /* Fonts */ = {
			isa = PBXGroup;
			children = (
				0C93C31222EBA3E100A5973B /* AbrilFatface-Regular.otf */,
				0C93C33C22ECA71400A5973B /* Allura */,
				0C86EC6F22F3D2F50004D4AE /* BebasNeue */,
				0C86EC9422F3D3A70004D4AE /* Caviar Dreams */,
				0C86EC9922F3D3A70004D4AE /* Dancing Script */,
				0C86EC9222F3D3A70004D4AE /* Geometria */,
				0C86EC8C22F3D3A70004D4AE /* Intro */,
				0C86EC9B22F3D3A70004D4AE /* kaushan-script */,
				0C86EC9D22F3D3A80004D4AE /* Learning Curve */,
				0C86EC9022F3D3A70004D4AE /* Lobster */,
				0C86ECA222F3D3A80004D4AE /* Nexa Rust */,
				0C86EC7D22F3D3A70004D4AE /* Pacifico */,
				0C86EC7F22F3D3A70004D4AE /* Playfair */,
				0C86EC6E22F3D2C00004D4AE /* Riffic */,
				0C86ECC722F3D3BC0004D4AE /* Sofia */,
			);
			path = Fonts;
			sourceTree = "<group>";
		};
		0C93C33222EBAAC300A5973B /* Models */ = {
			isa = PBXGroup;
			children = (
				0C93C33322EBAADB00A5973B /* LettyTemplate.swift */,
				0C86EC5922ECCDAB0004D4AE /* LettyBg.swift */,
			);
			path = Models;
			sourceTree = "<group>";
		};
		0C93C33522EBAC7700A5973B /* Cells */ = {
			isa = PBXGroup;
			children = (
				0C93C33622EBAC9200A5973B /* LettyTemplateCollectionViewCell.swift */,
				0C86EC5722ECCCC90004D4AE /* LettyBgCollectionViewCell.swift */,
				0C86EC6822F21FAA0004D4AE /* ColorPickerCollectionViewCell.swift */,
				0C86EC6C22F3ABD20004D4AE /* FontPickerCollectionViewCell.swift */,
			);
			path = Cells;
			sourceTree = "<group>";
		};
		0C93C33C22ECA71400A5973B /* Allura */ = {
			isa = PBXGroup;
			children = (
				0C93C33822ECA66900A5973B /* Allura-Regular.otf */,
			);
			path = Allura;
			sourceTree = "<group>";
		};
		0CAF601D23C6530400D60062 /* Common */ = {
			isa = PBXGroup;
			children = (
				0C93C31122EBA34B00A5973B /* Fonts */,
				0C93C30E22EBA32700A5973B /* Constants */,
				0C93C30422EB889400A5973B /* Utils */,
				0CAF601B23C651DC00D60062 /* CoreDataManager.swift */,
				0CAF601E23C6532C00D60062 /* ErrorHandler.swift */,
				0CB160D023C8112300C4828D /* AppConfig.swift */,
			);
			path = Common;
			sourceTree = "<group>";
		};
		0CFD8BEE22E9E979001F3837 = {
			isa = PBXGroup;
			children = (
				0CFD8BF922E9E979001F3837 /* Letterin */,
				0CFD8C0E22E9E97A001F3837 /* LetterinTests */,
				0CFD8BF822E9E979001F3837 /* Products */,
			);
			sourceTree = "<group>";
		};
		0CFD8BF822E9E979001F3837 /* Products */ = {
			isa = PBXGroup;
			children = (
				0CFD8BF722E9E979001F3837 /* Letterin.app */,
				0CFD8C0B22E9E97A001F3837 /* LetterinTests.xctest */,
			);
			name = Products;
			sourceTree = "<group>";
		};
		0CFD8BF922E9E979001F3837 /* Letterin */ = {
			isa = PBXGroup;
			children = (
				0CAF601D23C6530400D60062 /* Common */,
				0C93C33222EBAAC300A5973B /* Models */,
				0C86EC6722F1F50E0004D4AE /* Views */,
				0C93C30B22EB9C0000A5973B /* ViewControllers */,
				0CFD8BFA22E9E979001F3837 /* AppDelegate.swift */,
				0CAF601823C64F8400D60062 /* Gallery.xcdatamodeld */,
				0CFD8C0122E9E97A001F3837 /* Assets.xcassets */,
				0CFD8C0322E9E97A001F3837 /* LaunchScreen.storyboard */,
				0CFD8C0622E9E97A001F3837 /* Info.plist */,
				0CFD8C1A22E9F523001F3837 /* CanvasView.swift */,
				0CFD8C2422EB7F6C001F3837 /* LetteringTemplate.swift */,
			);
			path = Letterin;
			sourceTree = "<group>";
		};
		0CFD8C0E22E9E97A001F3837 /* LetterinTests */ = {
			isa = PBXGroup;
			children = (
				0CFD8C0F22E9E97A001F3837 /* LetterinTests.swift */,
				0CFD8C1122E9E97A001F3837 /* Info.plist */,
			);
			path = LetterinTests;
			sourceTree = "<group>";
		};
/* End PBXGroup section */

/* Begin PBXNativeTarget section */
		0CFD8BF622E9E979001F3837 /* Letterin */ = {
			isa = PBXNativeTarget;
			buildConfigurationList = 0CFD8C1422E9E97A001F3837 /* Build configuration list for PBXNativeTarget "Letterin" */;
			buildPhases = (
				0CFD8BF322E9E979001F3837 /* Sources */,
				0CFD8BF422E9E979001F3837 /* Frameworks */,
				0CFD8BF522E9E979001F3837 /* Resources */,
			);
			buildRules = (
			);
			dependencies = (
			);
			name = Letterin;
			productName = Letterin;
			productReference = 0CFD8BF722E9E979001F3837 /* Letterin.app */;
			productType = "com.apple.product-type.application";
		};
		0CFD8C0A22E9E97A001F3837 /* LetterinTests */ = {
			isa = PBXNativeTarget;
			buildConfigurationList = 0CFD8C1722E9E97A001F3837 /* Build configuration list for PBXNativeTarget "LetterinTests" */;
			buildPhases = (
				0CFD8C0722E9E97A001F3837 /* Sources */,
				0CFD8C0822E9E97A001F3837 /* Frameworks */,
				0CFD8C0922E9E97A001F3837 /* Resources */,
			);
			buildRules = (
			);
			dependencies = (
				0CFD8C0D22E9E97A001F3837 /* PBXTargetDependency */,
			);
			name = LetterinTests;
			productName = LetterinTests;
			productReference = 0CFD8C0B22E9E97A001F3837 /* LetterinTests.xctest */;
			productType = "com.apple.product-type.bundle.unit-test";
		};
/* End PBXNativeTarget section */

/* Begin PBXProject section */
		0CFD8BEF22E9E979001F3837 /* Project object */ = {
			isa = PBXProject;
			attributes = {
				LastSwiftUpdateCheck = 1030;
				LastUpgradeCheck = 1030;
				ORGANIZATIONNAME = KB;
				TargetAttributes = {
					0CFD8BF622E9E979001F3837 = {
						CreatedOnToolsVersion = 10.3;
					};
					0CFD8C0A22E9E97A001F3837 = {
						CreatedOnToolsVersion = 10.3;
						TestTargetID = 0CFD8BF622E9E979001F3837;
					};
				};
			};
			buildConfigurationList = 0CFD8BF222E9E979001F3837 /* Build configuration list for PBXProject "Letterin" */;
			compatibilityVersion = "Xcode 9.3";
			developmentRegion = en;
			hasScannedForEncodings = 0;
			knownRegions = (
				en,
				Base,
			);
			mainGroup = 0CFD8BEE22E9E979001F3837;
			productRefGroup = 0CFD8BF822E9E979001F3837 /* Products */;
			projectDirPath = "";
			projectRoot = "";
			targets = (
				0CFD8BF622E9E979001F3837 /* Letterin */,
				0CFD8C0A22E9E97A001F3837 /* LetterinTests */,
			);
		};
/* End PBXProject section */

/* Begin PBXResourcesBuildPhase section */
		0CFD8BF522E9E979001F3837 /* Resources */ = {
			isa = PBXResourcesBuildPhase;
			buildActionMask = 2147483647;
			files = (
				0C86ECB622F3D3A80004D4AE /* introheadr-base.otf in Resources */,
				0C86ECAC22F3D3A80004D4AE /* PlayfairDisplaySC-Black.otf in Resources */,
				0C86ECC222F3D3A80004D4AE /* learning_curve_bold_ot_ps.otf in Resources */,
				0C86ECC322F3D3A80004D4AE /* NexaRustHandmade-Extended-Free.otf in Resources */,
				0CFD8C0522E9E97A001F3837 /* LaunchScreen.storyboard in Resources */,
				0C86EC7B22F3D3850004D4AE /* BebasNeue-Regular.otf in Resources */,
				0C86ECC922F3D3BC0004D4AE /* Sofia-Regular.otf in Resources */,
				0C86ECC422F3D3A80004D4AE /* NexaRustSlab-BlackShadow01-Free.otf in Resources */,
				0C86ECC522F3D3A80004D4AE /* NexaRustScriptL-0-Free.otf in Resources */,
				0C86ECB922F3D3A80004D4AE /* CaviarDreams-Bold.ttf in Resources */,
				0C86ECBD22F3D3A80004D4AE /* DancingScript-Regular.otf in Resources */,
				0C86EC7C22F3D3880004D4AE /* BebasNeue-Thin.otf in Resources */,
				0C86ECA722F3D3A80004D4AE /* Pacifico.ttf in Resources */,
				0C86ECB222F3D3A80004D4AE /* PlayfairDisplay-Regular.otf in Resources */,
				0C86ECB522F3D3A80004D4AE /* introrustg-base2line.otf in Resources */,
				0C86ECA922F3D3A80004D4AE /* PlayfairDisplay-BoldItalic.otf in Resources */,
				0C86ECAE22F3D3A80004D4AE /* PlayfairDisplaySC-BoldItalic.otf in Resources */,
				0C86ECAF22F3D3A80004D4AE /* PlayfairDisplay-BlackItalic.otf in Resources */,
				0C93C33B22ECA6D800A5973B /* riffic-bold.ttf in Resources */,
				0C86EC7A22F3D3820004D4AE /* BebasNeue-Light.otf in Resources */,
				0C86ECB322F3D3A80004D4AE /* PlayfairDisplay-Italic.otf in Resources */,
				0C86ECC022F3D3A80004D4AE /* learning_curve_regular_ot_ps.otf in Resources */,
				0CFD8C0222E9E97A001F3837 /* Assets.xcassets in Resources */,
				0C86ECA822F3D3A80004D4AE /* PlayfairDisplaySC-Regular.otf in Resources */,
				0C86ECB122F3D3A80004D4AE /* PlayfairDisplaySC-BlackItalic.otf in Resources */,
				0C86ECB722F3D3A80004D4AE /* Lobster.otf in Resources */,
				0C86ECB022F3D3A80004D4AE /* PlayfairDisplay-Black.otf in Resources */,
				0C93C31322EBA3E100A5973B /* AbrilFatface-Regular.otf in Resources */,
				0C86ECAD22F3D3A80004D4AE /* PlayfairDisplay-Bold.otf in Resources */,
				0C86ECBE22F3D3A80004D4AE /* KaushanScript-Regular.otf in Resources */,
				0C86EC7822F3D36F0004D4AE /* BebasNeue-Bold.otf in Resources */,
				0C86ECC622F3D3A80004D4AE /* NexaRustSans-Black-Free.otf in Resources */,
				0C86ECBA22F3D3A80004D4AE /* CaviarDreams-BoldItalic.ttf in Resources */,
				0C86ECB422F3D3A80004D4AE /* introscriptr-h2base.otf in Resources */,
				0C86ECAB22F3D3A80004D4AE /* PlayfairDisplaySC-Italic.otf in Resources */,
				0C86ECBC22F3D3A80004D4AE /* CaviarDreams-Italic.ttf in Resources */,
				0C86ECBF22F3D3A80004D4AE /* learning_curve_dashed_ot_ps.otf in Resources */,
				0C86ECBB22F3D3A80004D4AE /* CaviarDreams-Regular.ttf in Resources */,
				0C86ECB822F3D3A80004D4AE /* geometria-light.otf in Resources */,
				0C86ECAA22F3D3A80004D4AE /* PlayfairDisplaySC-Bold.otf in Resources */,
				0C93C33922ECA66F00A5973B /* Allura-Regular.otf in Resources */,
				0C86EC7922F3D3800004D4AE /* BebasNeue-Book.otf in Resources */,
			);
			runOnlyForDeploymentPostprocessing = 0;
		};
		0CFD8C0922E9E97A001F3837 /* Resources */ = {
			isa = PBXResourcesBuildPhase;
			buildActionMask = 2147483647;
			files = (
			);
			runOnlyForDeploymentPostprocessing = 0;
		};
/* End PBXResourcesBuildPhase section */

/* Begin PBXSourcesBuildPhase section */
		0CFD8BF322E9E979001F3837 /* Sources */ = {
			isa = PBXSourcesBuildPhase;
			buildActionMask = 2147483647;
			files = (
				0C93C33422EBAADB00A5973B /* LettyTemplate.swift in Sources */,
				0C86ECD422F602960004D4AE /* BasicOneTemplate.swift in Sources */,
				0C93C30822EB8B1200A5973B /* UIViewExtension.swift in Sources */,
				0C86ECD222F5FF980004D4AE /* CircleOneTemplate.swift in Sources */,
				0C86EC5622ECBF030004D4AE /* LettyTemplateViewController.swift in Sources */,
				0C93C31022EBA33A00A5973B /* Colors.swift in Sources */,
				0C93C33722EBAC9200A5973B /* LettyTemplateCollectionViewCell.swift in Sources */,
				0CB160D123C8112300C4828D /* AppConfig.swift in Sources */,
				0C86EC6D22F3ABD30004D4AE /* FontPickerCollectionViewCell.swift in Sources */,
				0C93C30A22EB8B3600A5973B /* PropertyConcatente.swift in Sources */,
				0CFD8C2022EB79F3001F3837 /* CGFloatExtension.swift in Sources */,
				0C86ECD022F521B10004D4AE /* CenterCurvedTwoTemplate.swift in Sources */,
				0CAF601A23C64F8400D60062 /* Gallery.xcdatamodeld in Sources */,
				0C93C33122EBAA2600A5973B /* Fonts.swift in Sources */,
				0CFD8BFD22E9E979001F3837 /* MainViewController.swift in Sources */,
				0CFD8BFB22E9E979001F3837 /* AppDelegate.swift in Sources */,
				0CFD8C1B22E9F523001F3837 /* CanvasView.swift in Sources */,
				0CFD8C1D22EB791A001F3837 /* LetteringSectionView.swift in Sources */,
				0C86EC6B22F35F000004D4AE /* PropertyLoopable.swift in Sources */,
				0CAF601F23C6532C00D60062 /* ErrorHandler.swift in Sources */,
				0C86EC5822ECCCC90004D4AE /* LettyBgCollectionViewCell.swift in Sources */,
				0C86EC6922F21FAA0004D4AE /* ColorPickerCollectionViewCell.swift in Sources */,
				0C86EC5A22ECCDAB0004D4AE /* LettyBg.swift in Sources */,
				0C86EC6622F1F4980004D4AE /* EditSectionViewController.swift in Sources */,
				0CFD8C2522EB7F6C001F3837 /* LetteringTemplate.swift in Sources */,
				0C86ECCE22F51B490004D4AE /* UIColorExtension.swift in Sources */,
				0C86ECCC22F4AD900004D4AE /* CenterCurvedOneTemplate.swift in Sources */,
				0CCE58D7248D7408004CC13C /* LettyTemplating.swift in Sources */,
				0CAF601C23C651DC00D60062 /* CoreDataManager.swift in Sources */,
				0C93C30622EB892F00A5973B /* SimpleOneTemplate.swift in Sources */,
			);
			runOnlyForDeploymentPostprocessing = 0;
		};
		0CFD8C0722E9E97A001F3837 /* Sources */ = {
			isa = PBXSourcesBuildPhase;
			buildActionMask = 2147483647;
			files = (
				0CFD8C1022E9E97A001F3837 /* LetterinTests.swift in Sources */,
			);
			runOnlyForDeploymentPostprocessing = 0;
		};
/* End PBXSourcesBuildPhase section */

/* Begin PBXTargetDependency section */
		0CFD8C0D22E9E97A001F3837 /* PBXTargetDependency */ = {
			isa = PBXTargetDependency;
			target = 0CFD8BF622E9E979001F3837 /* Letterin */;
			targetProxy = 0CFD8C0C22E9E97A001F3837 /* PBXContainerItemProxy */;
		};
/* End PBXTargetDependency section */

/* Begin PBXVariantGroup section */
		0CFD8C0322E9E97A001F3837 /* LaunchScreen.storyboard */ = {
			isa = PBXVariantGroup;
			children = (
				0CFD8C0422E9E97A001F3837 /* Base */,
			);
			name = LaunchScreen.storyboard;
			sourceTree = "<group>";
		};
/* End PBXVariantGroup section */

/* Begin XCBuildConfiguration section */
		0CFD8C1222E9E97A001F3837 /* Debug */ = {
			isa = XCBuildConfiguration;
			buildSettings = {
				ALWAYS_SEARCH_USER_PATHS = NO;
				CLANG_ANALYZER_NONNULL = YES;
				CLANG_ANALYZER_NUMBER_OBJECT_CONVERSION = YES_AGGRESSIVE;
				CLANG_CXX_LANGUAGE_STANDARD = "gnu++14";
				CLANG_CXX_LIBRARY = "libc++";
				CLANG_ENABLE_MODULES = YES;
				CLANG_ENABLE_OBJC_ARC = YES;
				CLANG_ENABLE_OBJC_WEAK = YES;
				CLANG_WARN_BLOCK_CAPTURE_AUTORELEASING = YES;
				CLANG_WARN_BOOL_CONVERSION = YES;
				CLANG_WARN_COMMA = YES;
				CLANG_WARN_CONSTANT_CONVERSION = YES;
				CLANG_WARN_DEPRECATED_OBJC_IMPLEMENTATIONS = YES;
				CLANG_WARN_DIRECT_OBJC_ISA_USAGE = YES_ERROR;
				CLANG_WARN_DOCUMENTATION_COMMENTS = YES;
				CLANG_WARN_EMPTY_BODY = YES;
				CLANG_WARN_ENUM_CONVERSION = YES;
				CLANG_WARN_INFINITE_RECURSION = YES;
				CLANG_WARN_INT_CONVERSION = YES;
				CLANG_WARN_NON_LITERAL_NULL_CONVERSION = YES;
				CLANG_WARN_OBJC_IMPLICIT_RETAIN_SELF = YES;
				CLANG_WARN_OBJC_LITERAL_CONVERSION = YES;
				CLANG_WARN_OBJC_ROOT_CLASS = YES_ERROR;
				CLANG_WARN_RANGE_LOOP_ANALYSIS = YES;
				CLANG_WARN_STRICT_PROTOTYPES = YES;
				CLANG_WARN_SUSPICIOUS_MOVE = YES;
				CLANG_WARN_UNGUARDED_AVAILABILITY = YES_AGGRESSIVE;
				CLANG_WARN_UNREACHABLE_CODE = YES;
				CLANG_WARN__DUPLICATE_METHOD_MATCH = YES;
				CODE_SIGN_IDENTITY = "iPhone Developer";
				COPY_PHASE_STRIP = NO;
				DEBUG_INFORMATION_FORMAT = dwarf;
				ENABLE_STRICT_OBJC_MSGSEND = YES;
				ENABLE_TESTABILITY = YES;
				GCC_C_LANGUAGE_STANDARD = gnu11;
				GCC_DYNAMIC_NO_PIC = NO;
				GCC_NO_COMMON_BLOCKS = YES;
				GCC_OPTIMIZATION_LEVEL = 0;
				GCC_PREPROCESSOR_DEFINITIONS = (
					"DEBUG=1",
					"$(inherited)",
				);
				GCC_WARN_64_TO_32_BIT_CONVERSION = YES;
				GCC_WARN_ABOUT_RETURN_TYPE = YES_ERROR;
				GCC_WARN_UNDECLARED_SELECTOR = YES;
				GCC_WARN_UNINITIALIZED_AUTOS = YES_AGGRESSIVE;
				GCC_WARN_UNUSED_FUNCTION = YES;
				GCC_WARN_UNUSED_VARIABLE = YES;
				IPHONEOS_DEPLOYMENT_TARGET = 12.4;
				MTL_ENABLE_DEBUG_INFO = INCLUDE_SOURCE;
				MTL_FAST_MATH = YES;
				ONLY_ACTIVE_ARCH = YES;
				SDKROOT = iphoneos;
				SWIFT_ACTIVE_COMPILATION_CONDITIONS = DEBUG;
				SWIFT_OPTIMIZATION_LEVEL = "-Onone";
			};
			name = Debug;
		};
		0CFD8C1322E9E97A001F3837 /* Release */ = {
			isa = XCBuildConfiguration;
			buildSettings = {
				ALWAYS_SEARCH_USER_PATHS = NO;
				CLANG_ANALYZER_NONNULL = YES;
				CLANG_ANALYZER_NUMBER_OBJECT_CONVERSION = YES_AGGRESSIVE;
				CLANG_CXX_LANGUAGE_STANDARD = "gnu++14";
				CLANG_CXX_LIBRARY = "libc++";
				CLANG_ENABLE_MODULES = YES;
				CLANG_ENABLE_OBJC_ARC = YES;
				CLANG_ENABLE_OBJC_WEAK = YES;
				CLANG_WARN_BLOCK_CAPTURE_AUTORELEASING = YES;
				CLANG_WARN_BOOL_CONVERSION = YES;
				CLANG_WARN_COMMA = YES;
				CLANG_WARN_CONSTANT_CONVERSION = YES;
				CLANG_WARN_DEPRECATED_OBJC_IMPLEMENTATIONS = YES;
				CLANG_WARN_DIRECT_OBJC_ISA_USAGE = YES_ERROR;
				CLANG_WARN_DOCUMENTATION_COMMENTS = YES;
				CLANG_WARN_EMPTY_BODY = YES;
				CLANG_WARN_ENUM_CONVERSION = YES;
				CLANG_WARN_INFINITE_RECURSION = YES;
				CLANG_WARN_INT_CONVERSION = YES;
				CLANG_WARN_NON_LITERAL_NULL_CONVERSION = YES;
				CLANG_WARN_OBJC_IMPLICIT_RETAIN_SELF = YES;
				CLANG_WARN_OBJC_LITERAL_CONVERSION = YES;
				CLANG_WARN_OBJC_ROOT_CLASS = YES_ERROR;
				CLANG_WARN_RANGE_LOOP_ANALYSIS = YES;
				CLANG_WARN_STRICT_PROTOTYPES = YES;
				CLANG_WARN_SUSPICIOUS_MOVE = YES;
				CLANG_WARN_UNGUARDED_AVAILABILITY = YES_AGGRESSIVE;
				CLANG_WARN_UNREACHABLE_CODE = YES;
				CLANG_WARN__DUPLICATE_METHOD_MATCH = YES;
				CODE_SIGN_IDENTITY = "iPhone Developer";
				COPY_PHASE_STRIP = NO;
				DEBUG_INFORMATION_FORMAT = "dwarf-with-dsym";
				ENABLE_NS_ASSERTIONS = NO;
				ENABLE_STRICT_OBJC_MSGSEND = YES;
				GCC_C_LANGUAGE_STANDARD = gnu11;
				GCC_NO_COMMON_BLOCKS = YES;
				GCC_WARN_64_TO_32_BIT_CONVERSION = YES;
				GCC_WARN_ABOUT_RETURN_TYPE = YES_ERROR;
				GCC_WARN_UNDECLARED_SELECTOR = YES;
				GCC_WARN_UNINITIALIZED_AUTOS = YES_AGGRESSIVE;
				GCC_WARN_UNUSED_FUNCTION = YES;
				GCC_WARN_UNUSED_VARIABLE = YES;
				IPHONEOS_DEPLOYMENT_TARGET = 12.4;
				MTL_ENABLE_DEBUG_INFO = NO;
				MTL_FAST_MATH = YES;
				SDKROOT = iphoneos;
				SWIFT_COMPILATION_MODE = wholemodule;
				SWIFT_OPTIMIZATION_LEVEL = "-O";
				VALIDATE_PRODUCT = YES;
			};
			name = Release;
		};
		0CFD8C1522E9E97A001F3837 /* Debug */ = {
			isa = XCBuildConfiguration;
			buildSettings = {
				ASSETCATALOG_COMPILER_APPICON_NAME = AppIcon;
				CODE_SIGN_IDENTITY = "iPhone Developer";
				CODE_SIGN_STYLE = Automatic;
				CURRENT_PROJECT_VERSION = 1;
				DEVELOPMENT_TEAM = P8ZMSZU6UR;
				INFOPLIST_FILE = Letterin/Info.plist;
				IPHONEOS_DEPLOYMENT_TARGET = 12.3;
				LD_RUNPATH_SEARCH_PATHS = (
					"$(inherited)",
					"@executable_path/Frameworks",
				);
				MARKETING_VERSION = 1.0.0;
				PRODUCT_BUNDLE_IDENTIFIER = br.kariboss.letty;
				PRODUCT_NAME = "$(TARGET_NAME)";
				PROVISIONING_PROFILE_SPECIFIER = "";
				SWIFT_VERSION = 5.0;
				TARGETED_DEVICE_FAMILY = "1,2";
			};
			name = Debug;
		};
		0CFD8C1622E9E97A001F3837 /* Release */ = {
			isa = XCBuildConfiguration;
			buildSettings = {
				ASSETCATALOG_COMPILER_APPICON_NAME = AppIcon;
				CODE_SIGN_IDENTITY = "iPhone Developer";
				CODE_SIGN_STYLE = Automatic;
				CURRENT_PROJECT_VERSION = 1;
				DEVELOPMENT_TEAM = P8ZMSZU6UR;
				INFOPLIST_FILE = Letterin/Info.plist;
				IPHONEOS_DEPLOYMENT_TARGET = 12.3;
				LD_RUNPATH_SEARCH_PATHS = (
					"$(inherited)",
					"@executable_path/Frameworks",
				);
				MARKETING_VERSION = 1.0.0;
				PRODUCT_BUNDLE_IDENTIFIER = br.kariboss.letty;
				PRODUCT_NAME = "$(TARGET_NAME)";
				PROVISIONING_PROFILE_SPECIFIER = "";
				SWIFT_VERSION = 5.0;
				TARGETED_DEVICE_FAMILY = "1,2";
			};
			name = Release;
		};
		0CFD8C1822E9E97A001F3837 /* Debug */ = {
			isa = XCBuildConfiguration;
			buildSettings = {
				ALWAYS_EMBED_SWIFT_STANDARD_LIBRARIES = YES;
				BUNDLE_LOADER = "$(TEST_HOST)";
				CODE_SIGN_STYLE = Automatic;
				DEVELOPMENT_TEAM = MR4W4QZ7CS;
				INFOPLIST_FILE = LetterinTests/Info.plist;
				LD_RUNPATH_SEARCH_PATHS = (
					"$(inherited)",
					"@executable_path/Frameworks",
					"@loader_path/Frameworks",
				);
				PRODUCT_BUNDLE_IDENTIFIER = br.kb.LetterinTests;
				PRODUCT_NAME = "$(TARGET_NAME)";
				SWIFT_VERSION = 5.0;
				TARGETED_DEVICE_FAMILY = "1,2";
				TEST_HOST = "$(BUILT_PRODUCTS_DIR)/Letterin.app/Letterin";
			};
			name = Debug;
		};
		0CFD8C1922E9E97A001F3837 /* Release */ = {
			isa = XCBuildConfiguration;
			buildSettings = {
				ALWAYS_EMBED_SWIFT_STANDARD_LIBRARIES = YES;
				BUNDLE_LOADER = "$(TEST_HOST)";
				CODE_SIGN_STYLE = Automatic;
				DEVELOPMENT_TEAM = MR4W4QZ7CS;
				INFOPLIST_FILE = LetterinTests/Info.plist;
				LD_RUNPATH_SEARCH_PATHS = (
					"$(inherited)",
					"@executable_path/Frameworks",
					"@loader_path/Frameworks",
				);
				PRODUCT_BUNDLE_IDENTIFIER = br.kb.LetterinTests;
				PRODUCT_NAME = "$(TARGET_NAME)";
				SWIFT_VERSION = 5.0;
				TARGETED_DEVICE_FAMILY = "1,2";
				TEST_HOST = "$(BUILT_PRODUCTS_DIR)/Letterin.app/Letterin";
			};
			name = Release;
		};
/* End XCBuildConfiguration section */

/* Begin XCConfigurationList section */
		0CFD8BF222E9E979001F3837 /* Build configuration list for PBXProject "Letterin" */ = {
			isa = XCConfigurationList;
			buildConfigurations = (
				0CFD8C1222E9E97A001F3837 /* Debug */,
				0CFD8C1322E9E97A001F3837 /* Release */,
			);
			defaultConfigurationIsVisible = 0;
			defaultConfigurationName = Release;
		};
		0CFD8C1422E9E97A001F3837 /* Build configuration list for PBXNativeTarget "Letterin" */ = {
			isa = XCConfigurationList;
			buildConfigurations = (
				0CFD8C1522E9E97A001F3837 /* Debug */,
				0CFD8C1622E9E97A001F3837 /* Release */,
			);
			defaultConfigurationIsVisible = 0;
			defaultConfigurationName = Release;
		};
		0CFD8C1722E9E97A001F3837 /* Build configuration list for PBXNativeTarget "LetterinTests" */ = {
			isa = XCConfigurationList;
			buildConfigurations = (
				0CFD8C1822E9E97A001F3837 /* Debug */,
				0CFD8C1922E9E97A001F3837 /* Release */,
			);
			defaultConfigurationIsVisible = 0;
			defaultConfigurationName = Release;
		};
/* End XCConfigurationList section */

/* Begin XCVersionGroup section */
		0CAF601823C64F8400D60062 /* Gallery.xcdatamodeld */ = {
			isa = XCVersionGroup;
			children = (
				0CAF601923C64F8400D60062 /* Gallery.xcdatamodel */,
			);
			currentVersion = 0CAF601923C64F8400D60062 /* Gallery.xcdatamodel */;
			path = Gallery.xcdatamodeld;
			sourceTree = "<group>";
			versionGroupType = wrapper.xcdatamodel;
		};
/* End XCVersionGroup section */
	};
	rootObject = 0CFD8BEF22E9E979001F3837 /* Project object */;
}
