// !$*UTF8*$!
{
	archiveVersion = 1;
	classes = {
	};
	objectVersion = 50;
	objects = {

/* Begin PBXBuildFile section */
		0C86EC5622ECBF030004D4AE /* LettyTemplateViewController.swift in Sources */ = {isa = PBXBuildFile; fileRef = 0C86EC5522ECBF030004D4AE /* LettyTemplateViewController.swift */; };
		0C86EC5822ECCCC90004D4AE /* LettyBgCollectionViewCell.swift in Sources */ = {isa = PBXBuildFile; fileRef = 0C86EC5722ECCCC90004D4AE /* LettyBgCollectionViewCell.swift */; };
		0C86EC5A22ECCDAB0004D4AE /* LettyBg.swift in Sources */ = {isa = PBXBuildFile; fileRef = 0C86EC5922ECCDAB0004D4AE /* LettyBg.swift */; };
		0C86EC6622F1F4980004D4AE /* EditSectionViewController.swift in Sources */ = {isa = PBXBuildFile; fileRef = 0C86EC6522F1F4980004D4AE /* EditSectionViewController.swift */; };
		0C86EC6922F21FAA0004D4AE /* ColorPickerCollectionViewCell.swift in Sources */ = {isa = PBXBuildFile; fileRef = 0C86EC6822F21FAA0004D4AE /* ColorPickerCollectionViewCell.swift */; };
		0C86EC6B22F35F000004D4AE /* PropertyLoopable.swift in Sources */ = {isa = PBXBuildFile; fileRef = 0C86EC6A22F35EFF0004D4AE /* PropertyLoopable.swift */; };
		0C93C30622EB892F00A5973B /* SimpleOneTemplate.swift in Sources */ = {isa = PBXBuildFile; fileRef = 0C93C30522EB892F00A5973B /* SimpleOneTemplate.swift */; };
		0C93C30822EB8B1200A5973B /* UIViewExtension.swift in Sources */ = {isa = PBXBuildFile; fileRef = 0C93C30722EB8B1200A5973B /* UIViewExtension.swift */; };
		0C93C30A22EB8B3600A5973B /* PropertyConcatente.swift in Sources */ = {isa = PBXBuildFile; fileRef = 0C93C30922EB8B3600A5973B /* PropertyConcatente.swift */; };
		0C93C30D22EB9C2100A5973B /* SimpleOneTemplateController.swift in Sources */ = {isa = PBXBuildFile; fileRef = 0C93C30C22EB9C2100A5973B /* SimpleOneTemplateController.swift */; };
		0C93C31022EBA33A00A5973B /* Colors.swift in Sources */ = {isa = PBXBuildFile; fileRef = 0C93C30F22EBA33A00A5973B /* Colors.swift */; };
		0C93C31322EBA3E100A5973B /* AbrilFatface-Regular.otf in Resources */ = {isa = PBXBuildFile; fileRef = 0C93C31222EBA3E100A5973B /* AbrilFatface-Regular.otf */; };
		0C93C32222EBA44C00A5973B /* Caviar Dreams in Resources */ = {isa = PBXBuildFile; fileRef = 0C93C31422EBA44C00A5973B /* Caviar Dreams */; };
		0C93C32322EBA44C00A5973B /* kaushan-script in Resources */ = {isa = PBXBuildFile; fileRef = 0C93C31522EBA44C00A5973B /* kaushan-script */; };
		0C93C32522EBA44C00A5973B /* Lobster in Resources */ = {isa = PBXBuildFile; fileRef = 0C93C31722EBA44C00A5973B /* Lobster */; };
		0C93C32622EBA44C00A5973B /* Geometria in Resources */ = {isa = PBXBuildFile; fileRef = 0C93C31822EBA44C00A5973B /* Geometria */; };
		0C93C32722EBA44C00A5973B /* Bebas Neue in Resources */ = {isa = PBXBuildFile; fileRef = 0C93C31922EBA44C00A5973B /* Bebas Neue */; };
		0C93C32922EBA44C00A5973B /* Sofia in Resources */ = {isa = PBXBuildFile; fileRef = 0C93C31B22EBA44C00A5973B /* Sofia */; };
		0C93C32A22EBA44C00A5973B /* Playfair in Resources */ = {isa = PBXBuildFile; fileRef = 0C93C31C22EBA44C00A5973B /* Playfair */; };
		0C93C32B22EBA44C00A5973B /* Dancing Script in Resources */ = {isa = PBXBuildFile; fileRef = 0C93C31D22EBA44C00A5973B /* Dancing Script */; };
		0C93C32C22EBA44C00A5973B /* Nexa Rust in Resources */ = {isa = PBXBuildFile; fileRef = 0C93C31E22EBA44C00A5973B /* Nexa Rust */; };
		0C93C32D22EBA44C00A5973B /* Pacifico in Resources */ = {isa = PBXBuildFile; fileRef = 0C93C31F22EBA44C00A5973B /* Pacifico */; };
		0C93C32E22EBA44C00A5973B /* Learning Curve in Resources */ = {isa = PBXBuildFile; fileRef = 0C93C32022EBA44C00A5973B /* Learning Curve */; };
		0C93C32F22EBA44C00A5973B /* Intro in Resources */ = {isa = PBXBuildFile; fileRef = 0C93C32122EBA44C00A5973B /* Intro */; };
		0C93C33122EBAA2600A5973B /* Fonts.swift in Sources */ = {isa = PBXBuildFile; fileRef = 0C93C33022EBAA2600A5973B /* Fonts.swift */; };
		0C93C33422EBAADB00A5973B /* LettyTemplate.swift in Sources */ = {isa = PBXBuildFile; fileRef = 0C93C33322EBAADB00A5973B /* LettyTemplate.swift */; };
		0C93C33722EBAC9200A5973B /* LettyTemplateCollectionViewCell.swift in Sources */ = {isa = PBXBuildFile; fileRef = 0C93C33622EBAC9200A5973B /* LettyTemplateCollectionViewCell.swift */; };
		0C93C33922ECA66F00A5973B /* Allura-Regular.otf in Resources */ = {isa = PBXBuildFile; fileRef = 0C93C33822ECA66900A5973B /* Allura-Regular.otf */; };
		0C93C33B22ECA6D800A5973B /* riffic-bold.ttf in Resources */ = {isa = PBXBuildFile; fileRef = 0C93C33A22ECA6D500A5973B /* riffic-bold.ttf */; };
		0CFD8BFB22E9E979001F3837 /* AppDelegate.swift in Sources */ = {isa = PBXBuildFile; fileRef = 0CFD8BFA22E9E979001F3837 /* AppDelegate.swift */; };
		0CFD8BFD22E9E979001F3837 /* MainViewController.swift in Sources */ = {isa = PBXBuildFile; fileRef = 0CFD8BFC22E9E979001F3837 /* MainViewController.swift */; };
		0CFD8C0222E9E97A001F3837 /* Assets.xcassets in Resources */ = {isa = PBXBuildFile; fileRef = 0CFD8C0122E9E97A001F3837 /* Assets.xcassets */; };
		0CFD8C0522E9E97A001F3837 /* LaunchScreen.storyboard in Resources */ = {isa = PBXBuildFile; fileRef = 0CFD8C0322E9E97A001F3837 /* LaunchScreen.storyboard */; };
		0CFD8C1022E9E97A001F3837 /* LetterinTests.swift in Sources */ = {isa = PBXBuildFile; fileRef = 0CFD8C0F22E9E97A001F3837 /* LetterinTests.swift */; };
		0CFD8C1B22E9F523001F3837 /* CanvasView.swift in Sources */ = {isa = PBXBuildFile; fileRef = 0CFD8C1A22E9F523001F3837 /* CanvasView.swift */; };
		0CFD8C1D22EB791A001F3837 /* LetteringSectionView.swift in Sources */ = {isa = PBXBuildFile; fileRef = 0CFD8C1C22EB791A001F3837 /* LetteringSectionView.swift */; };
		0CFD8C2022EB79F3001F3837 /* CGFloatExtension.swift in Sources */ = {isa = PBXBuildFile; fileRef = 0CFD8C1F22EB79F3001F3837 /* CGFloatExtension.swift */; };
		0CFD8C2522EB7F6C001F3837 /* LetteringTemplate.swift in Sources */ = {isa = PBXBuildFile; fileRef = 0CFD8C2422EB7F6C001F3837 /* LetteringTemplate.swift */; };
/* End PBXBuildFile section */

/* Begin PBXContainerItemProxy section */
		0CFD8C0C22E9E97A001F3837 /* PBXContainerItemProxy */ = {
			isa = PBXContainerItemProxy;
			containerPortal = 0CFD8BEF22E9E979001F3837 /* Project object */;
			proxyType = 1;
			remoteGlobalIDString = 0CFD8BF622E9E979001F3837;
			remoteInfo = Letterin;
		};
/* End PBXContainerItemProxy section */

/* Begin PBXFileReference section */
		0C86EC5522ECBF030004D4AE /* LettyTemplateViewController.swift */ = {isa = PBXFileReference; lastKnownFileType = sourcecode.swift; path = LettyTemplateViewController.swift; sourceTree = "<group>"; };
		0C86EC5722ECCCC90004D4AE /* LettyBgCollectionViewCell.swift */ = {isa = PBXFileReference; lastKnownFileType = sourcecode.swift; path = LettyBgCollectionViewCell.swift; sourceTree = "<group>"; };
		0C86EC5922ECCDAB0004D4AE /* LettyBg.swift */ = {isa = PBXFileReference; lastKnownFileType = sourcecode.swift; path = LettyBg.swift; sourceTree = "<group>"; };
		0C86EC6522F1F4980004D4AE /* EditSectionViewController.swift */ = {isa = PBXFileReference; lastKnownFileType = sourcecode.swift; path = EditSectionViewController.swift; sourceTree = "<group>"; };
		0C86EC6822F21FAA0004D4AE /* ColorPickerCollectionViewCell.swift */ = {isa = PBXFileReference; lastKnownFileType = sourcecode.swift; path = ColorPickerCollectionViewCell.swift; sourceTree = "<group>"; };
		0C86EC6A22F35EFF0004D4AE /* PropertyLoopable.swift */ = {isa = PBXFileReference; lastKnownFileType = sourcecode.swift; path = PropertyLoopable.swift; sourceTree = "<group>"; };
		0C93C30522EB892F00A5973B /* SimpleOneTemplate.swift */ = {isa = PBXFileReference; lastKnownFileType = sourcecode.swift; path = SimpleOneTemplate.swift; sourceTree = "<group>"; };
		0C93C30722EB8B1200A5973B /* UIViewExtension.swift */ = {isa = PBXFileReference; lastKnownFileType = sourcecode.swift; path = UIViewExtension.swift; sourceTree = "<group>"; };
		0C93C30922EB8B3600A5973B /* PropertyConcatente.swift */ = {isa = PBXFileReference; lastKnownFileType = sourcecode.swift; path = PropertyConcatente.swift; sourceTree = "<group>"; };
		0C93C30C22EB9C2100A5973B /* SimpleOneTemplateController.swift */ = {isa = PBXFileReference; lastKnownFileType = sourcecode.swift; path = SimpleOneTemplateController.swift; sourceTree = "<group>"; };
		0C93C30F22EBA33A00A5973B /* Colors.swift */ = {isa = PBXFileReference; lastKnownFileType = sourcecode.swift; path = Colors.swift; sourceTree = "<group>"; };
		0C93C31222EBA3E100A5973B /* AbrilFatface-Regular.otf */ = {isa = PBXFileReference; lastKnownFileType = file; path = "AbrilFatface-Regular.otf"; sourceTree = "<group>"; };
		0C93C31422EBA44C00A5973B /* Caviar Dreams */ = {isa = PBXFileReference; lastKnownFileType = folder; path = "Caviar Dreams"; sourceTree = "<group>"; };
		0C93C31522EBA44C00A5973B /* kaushan-script */ = {isa = PBXFileReference; lastKnownFileType = folder; path = "kaushan-script"; sourceTree = "<group>"; };
		0C93C31722EBA44C00A5973B /* Lobster */ = {isa = PBXFileReference; lastKnownFileType = folder; path = Lobster; sourceTree = "<group>"; };
		0C93C31822EBA44C00A5973B /* Geometria */ = {isa = PBXFileReference; lastKnownFileType = folder; path = Geometria; sourceTree = "<group>"; };
		0C93C31922EBA44C00A5973B /* Bebas Neue */ = {isa = PBXFileReference; lastKnownFileType = folder; path = "Bebas Neue"; sourceTree = "<group>"; };
		0C93C31B22EBA44C00A5973B /* Sofia */ = {isa = PBXFileReference; lastKnownFileType = folder; path = Sofia; sourceTree = "<group>"; };
		0C93C31C22EBA44C00A5973B /* Playfair */ = {isa = PBXFileReference; lastKnownFileType = folder; path = Playfair; sourceTree = "<group>"; };
		0C93C31D22EBA44C00A5973B /* Dancing Script */ = {isa = PBXFileReference; lastKnownFileType = folder; path = "Dancing Script"; sourceTree = "<group>"; };
		0C93C31E22EBA44C00A5973B /* Nexa Rust */ = {isa = PBXFileReference; lastKnownFileType = folder; path = "Nexa Rust"; sourceTree = "<group>"; };
		0C93C31F22EBA44C00A5973B /* Pacifico */ = {isa = PBXFileReference; lastKnownFileType = folder; path = Pacifico; sourceTree = "<group>"; };
		0C93C32022EBA44C00A5973B /* Learning Curve */ = {isa = PBXFileReference; lastKnownFileType = folder; path = "Learning Curve"; sourceTree = "<group>"; };
		0C93C32122EBA44C00A5973B /* Intro */ = {isa = PBXFileReference; lastKnownFileType = folder; path = Intro; sourceTree = "<group>"; };
		0C93C33022EBAA2600A5973B /* Fonts.swift */ = {isa = PBXFileReference; lastKnownFileType = sourcecode.swift; path = Fonts.swift; sourceTree = "<group>"; };
		0C93C33322EBAADB00A5973B /* LettyTemplate.swift */ = {isa = PBXFileReference; lastKnownFileType = sourcecode.swift; path = LettyTemplate.swift; sourceTree = "<group>"; };
		0C93C33622EBAC9200A5973B /* LettyTemplateCollectionViewCell.swift */ = {isa = PBXFileReference; lastKnownFileType = sourcecode.swift; path = LettyTemplateCollectionViewCell.swift; sourceTree = "<group>"; };
		0C93C33822ECA66900A5973B /* Allura-Regular.otf */ = {isa = PBXFileReference; lastKnownFileType = file; path = "Allura-Regular.otf"; sourceTree = "<group>"; };
		0C93C33A22ECA6D500A5973B /* riffic-bold.ttf */ = {isa = PBXFileReference; lastKnownFileType = file; path = "riffic-bold.ttf"; sourceTree = "<group>"; };
		0CFD8BF722E9E979001F3837 /* Letterin.app */ = {isa = PBXFileReference; explicitFileType = wrapper.application; includeInIndex = 0; path = Letterin.app; sourceTree = BUILT_PRODUCTS_DIR; };
		0CFD8BFA22E9E979001F3837 /* AppDelegate.swift */ = {isa = PBXFileReference; lastKnownFileType = sourcecode.swift; path = AppDelegate.swift; sourceTree = "<group>"; };
		0CFD8BFC22E9E979001F3837 /* MainViewController.swift */ = {isa = PBXFileReference; lastKnownFileType = sourcecode.swift; path = MainViewController.swift; sourceTree = "<group>"; };
		0CFD8C0122E9E97A001F3837 /* Assets.xcassets */ = {isa = PBXFileReference; lastKnownFileType = folder.assetcatalog; path = Assets.xcassets; sourceTree = "<group>"; };
		0CFD8C0422E9E97A001F3837 /* Base */ = {isa = PBXFileReference; lastKnownFileType = file.storyboard; name = Base; path = Base.lproj/LaunchScreen.storyboard; sourceTree = "<group>"; };
		0CFD8C0622E9E97A001F3837 /* Info.plist */ = {isa = PBXFileReference; lastKnownFileType = text.plist.xml; path = Info.plist; sourceTree = "<group>"; };
		0CFD8C0B22E9E97A001F3837 /* LetterinTests.xctest */ = {isa = PBXFileReference; explicitFileType = wrapper.cfbundle; includeInIndex = 0; path = LetterinTests.xctest; sourceTree = BUILT_PRODUCTS_DIR; };
		0CFD8C0F22E9E97A001F3837 /* LetterinTests.swift */ = {isa = PBXFileReference; lastKnownFileType = sourcecode.swift; path = LetterinTests.swift; sourceTree = "<group>"; };
		0CFD8C1122E9E97A001F3837 /* Info.plist */ = {isa = PBXFileReference; lastKnownFileType = text.plist.xml; path = Info.plist; sourceTree = "<group>"; };
		0CFD8C1A22E9F523001F3837 /* CanvasView.swift */ = {isa = PBXFileReference; lastKnownFileType = sourcecode.swift; path = CanvasView.swift; sourceTree = "<group>"; };
		0CFD8C1C22EB791A001F3837 /* LetteringSectionView.swift */ = {isa = PBXFileReference; lastKnownFileType = sourcecode.swift; path = LetteringSectionView.swift; sourceTree = "<group>"; };
		0CFD8C1F22EB79F3001F3837 /* CGFloatExtension.swift */ = {isa = PBXFileReference; lastKnownFileType = sourcecode.swift; path = CGFloatExtension.swift; sourceTree = "<group>"; };
		0CFD8C2422EB7F6C001F3837 /* LetteringTemplate.swift */ = {isa = PBXFileReference; lastKnownFileType = sourcecode.swift; path = LetteringTemplate.swift; sourceTree = "<group>"; };
/* End PBXFileReference section */

/* Begin PBXFrameworksBuildPhase section */
		0CFD8BF422E9E979001F3837 /* Frameworks */ = {
			isa = PBXFrameworksBuildPhase;
			buildActionMask = 2147483647;
			files = (
			);
			runOnlyForDeploymentPostprocessing = 0;
		};
		0CFD8C0822E9E97A001F3837 /* Frameworks */ = {
			isa = PBXFrameworksBuildPhase;
			buildActionMask = 2147483647;
			files = (
			);
			runOnlyForDeploymentPostprocessing = 0;
		};
/* End PBXFrameworksBuildPhase section */

/* Begin PBXGroup section */
		0C86EC6722F1F50E0004D4AE /* Views */ = {
			isa = PBXGroup;
			children = (
				0CFD8C1C22EB791A001F3837 /* LetteringSectionView.swift */,
				0C93C33522EBAC7700A5973B /* Cells */,
				0C93C30322EB888600A5973B /* Templates */,
			);
			path = Views;
			sourceTree = "<group>";
		};
		0C93C30322EB888600A5973B /* Templates */ = {
			isa = PBXGroup;
			children = (
				0C93C30522EB892F00A5973B /* SimpleOneTemplate.swift */,
			);
			path = Templates;
			sourceTree = "<group>";
		};
		0C93C30422EB889400A5973B /* Utils */ = {
			isa = PBXGroup;
			children = (
				0CFD8C1F22EB79F3001F3837 /* CGFloatExtension.swift */,
				0C93C30922EB8B3600A5973B /* PropertyConcatente.swift */,
				0C93C30722EB8B1200A5973B /* UIViewExtension.swift */,
				0C86EC6A22F35EFF0004D4AE /* PropertyLoopable.swift */,
			);
			path = Utils;
			sourceTree = "<group>";
		};
		0C93C30B22EB9C0000A5973B /* Controllers */ = {
			isa = PBXGroup;
			children = (
				0C86EC5522ECBF030004D4AE /* LettyTemplateViewController.swift */,
				0C93C30C22EB9C2100A5973B /* SimpleOneTemplateController.swift */,
				0C86EC6522F1F4980004D4AE /* EditSectionViewController.swift */,
			);
			path = Controllers;
			sourceTree = "<group>";
		};
		0C93C30E22EBA32700A5973B /* Constants */ = {
			isa = PBXGroup;
			children = (
				0C93C30F22EBA33A00A5973B /* Colors.swift */,
				0C93C33022EBAA2600A5973B /* Fonts.swift */,
			);
			path = Constants;
			sourceTree = "<group>";
		};
		0C93C31122EBA34B00A5973B /* Fonts */ = {
			isa = PBXGroup;
			children = (
				0C93C31222EBA3E100A5973B /* AbrilFatface-Regular.otf */,
				0C93C33C22ECA71400A5973B /* Allura */,
				0C93C33A22ECA6D500A5973B /* riffic-bold.ttf */,
				0C93C31922EBA44C00A5973B /* Bebas Neue */,
				0C93C31422EBA44C00A5973B /* Caviar Dreams */,
				0C93C31D22EBA44C00A5973B /* Dancing Script */,
				0C93C31822EBA44C00A5973B /* Geometria */,
				0C93C32122EBA44C00A5973B /* Intro */,
				0C93C31522EBA44C00A5973B /* kaushan-script */,
				0C93C32022EBA44C00A5973B /* Learning Curve */,
				0C93C31722EBA44C00A5973B /* Lobster */,
				0C93C31E22EBA44C00A5973B /* Nexa Rust */,
				0C93C31F22EBA44C00A5973B /* Pacifico */,
				0C93C31C22EBA44C00A5973B /* Playfair */,
				0C93C31B22EBA44C00A5973B /* Sofia */,
			);
			path = Fonts;
			sourceTree = "<group>";
		};
		0C93C33222EBAAC300A5973B /* Models */ = {
			isa = PBXGroup;
			children = (
				0C93C33322EBAADB00A5973B /* LettyTemplate.swift */,
				0C86EC5922ECCDAB0004D4AE /* LettyBg.swift */,
			);
			path = Models;
			sourceTree = "<group>";
		};
		0C93C33522EBAC7700A5973B /* Cells */ = {
			isa = PBXGroup;
			children = (
				0C93C33622EBAC9200A5973B /* LettyTemplateCollectionViewCell.swift */,
				0C86EC5722ECCCC90004D4AE /* LettyBgCollectionViewCell.swift */,
				0C86EC6822F21FAA0004D4AE /* ColorPickerCollectionViewCell.swift */,
			);
			path = Cells;
			sourceTree = "<group>";
		};
		0C93C33C22ECA71400A5973B /* Allura */ = {
			isa = PBXGroup;
			children = (
				0C93C33822ECA66900A5973B /* Allura-Regular.otf */,
			);
			path = Allura;
			sourceTree = "<group>";
		};
		0CFD8BEE22E9E979001F3837 = {
			isa = PBXGroup;
			children = (
				0CFD8BF922E9E979001F3837 /* Letterin */,
				0CFD8C0E22E9E97A001F3837 /* LetterinTests */,
				0CFD8BF822E9E979001F3837 /* Products */,
			);
			sourceTree = "<group>";
		};
		0CFD8BF822E9E979001F3837 /* Products */ = {
			isa = PBXGroup;
			children = (
				0CFD8BF722E9E979001F3837 /* Letterin.app */,
				0CFD8C0B22E9E97A001F3837 /* LetterinTests.xctest */,
			);
			name = Products;
			sourceTree = "<group>";
		};
		0CFD8BF922E9E979001F3837 /* Letterin */ = {
			isa = PBXGroup;
			children = (
				0C93C33222EBAAC300A5973B /* Models */,
				0C93C31122EBA34B00A5973B /* Fonts */,
				0C93C30E22EBA32700A5973B /* Constants */,
				0C93C30422EB889400A5973B /* Utils */,
				0C86EC6722F1F50E0004D4AE /* Views */,
				0C93C30B22EB9C0000A5973B /* Controllers */,
				0CFD8BFA22E9E979001F3837 /* AppDelegate.swift */,
				0CFD8BFC22E9E979001F3837 /* MainViewController.swift */,
				0CFD8C0122E9E97A001F3837 /* Assets.xcassets */,
				0CFD8C0322E9E97A001F3837 /* LaunchScreen.storyboard */,
				0CFD8C0622E9E97A001F3837 /* Info.plist */,
				0CFD8C1A22E9F523001F3837 /* CanvasView.swift */,
				0CFD8C2422EB7F6C001F3837 /* LetteringTemplate.swift */,
			);
			path = Letterin;
			sourceTree = "<group>";
		};
		0CFD8C0E22E9E97A001F3837 /* LetterinTests */ = {
			isa = PBXGroup;
			children = (
				0CFD8C0F22E9E97A001F3837 /* LetterinTests.swift */,
				0CFD8C1122E9E97A001F3837 /* Info.plist */,
			);
			path = LetterinTests;
			sourceTree = "<group>";
		};
/* End PBXGroup section */

/* Begin PBXNativeTarget section */
		0CFD8BF622E9E979001F3837 /* Letterin */ = {
			isa = PBXNativeTarget;
			buildConfigurationList = 0CFD8C1422E9E97A001F3837 /* Build configuration list for PBXNativeTarget "Letterin" */;
			buildPhases = (
				0CFD8BF322E9E979001F3837 /* Sources */,
				0CFD8BF422E9E979001F3837 /* Frameworks */,
				0CFD8BF522E9E979001F3837 /* Resources */,
			);
			buildRules = (
			);
			dependencies = (
			);
			name = Letterin;
			productName = Letterin;
			productReference = 0CFD8BF722E9E979001F3837 /* Letterin.app */;
			productType = "com.apple.product-type.application";
		};
		0CFD8C0A22E9E97A001F3837 /* LetterinTests */ = {
			isa = PBXNativeTarget;
			buildConfigurationList = 0CFD8C1722E9E97A001F3837 /* Build configuration list for PBXNativeTarget "LetterinTests" */;
			buildPhases = (
				0CFD8C0722E9E97A001F3837 /* Sources */,
				0CFD8C0822E9E97A001F3837 /* Frameworks */,
				0CFD8C0922E9E97A001F3837 /* Resources */,
			);
			buildRules = (
			);
			dependencies = (
				0CFD8C0D22E9E97A001F3837 /* PBXTargetDependency */,
			);
			name = LetterinTests;
			productName = LetterinTests;
			productReference = 0CFD8C0B22E9E97A001F3837 /* LetterinTests.xctest */;
			productType = "com.apple.product-type.bundle.unit-test";
		};
/* End PBXNativeTarget section */

/* Begin PBXProject section */
		0CFD8BEF22E9E979001F3837 /* Project object */ = {
			isa = PBXProject;
			attributes = {
				LastSwiftUpdateCheck = 1030;
				LastUpgradeCheck = 1030;
				ORGANIZATIONNAME = KB;
				TargetAttributes = {
					0CFD8BF622E9E979001F3837 = {
						CreatedOnToolsVersion = 10.3;
					};
					0CFD8C0A22E9E97A001F3837 = {
						CreatedOnToolsVersion = 10.3;
						TestTargetID = 0CFD8BF622E9E979001F3837;
					};
				};
			};
			buildConfigurationList = 0CFD8BF222E9E979001F3837 /* Build configuration list for PBXProject "Letterin" */;
			compatibilityVersion = "Xcode 9.3";
			developmentRegion = en;
			hasScannedForEncodings = 0;
			knownRegions = (
				en,
				Base,
			);
			mainGroup = 0CFD8BEE22E9E979001F3837;
			productRefGroup = 0CFD8BF822E9E979001F3837 /* Products */;
			projectDirPath = "";
			projectRoot = "";
			targets = (
				0CFD8BF622E9E979001F3837 /* Letterin */,
				0CFD8C0A22E9E97A001F3837 /* LetterinTests */,
			);
		};
/* End PBXProject section */

/* Begin PBXResourcesBuildPhase section */
		0CFD8BF522E9E979001F3837 /* Resources */ = {
			isa = PBXResourcesBuildPhase;
			buildActionMask = 2147483647;
			files = (
				0C93C32922EBA44C00A5973B /* Sofia in Resources */,
				0CFD8C0522E9E97A001F3837 /* LaunchScreen.storyboard in Resources */,
				0C93C32522EBA44C00A5973B /* Lobster in Resources */,
				0C93C32E22EBA44C00A5973B /* Learning Curve in Resources */,
				0C93C32C22EBA44C00A5973B /* Nexa Rust in Resources */,
				0C93C32A22EBA44C00A5973B /* Playfair in Resources */,
				0C93C33B22ECA6D800A5973B /* riffic-bold.ttf in Resources */,
				0C93C32B22EBA44C00A5973B /* Dancing Script in Resources */,
				0C93C32F22EBA44C00A5973B /* Intro in Resources */,
				0C93C32722EBA44C00A5973B /* Bebas Neue in Resources */,
				0CFD8C0222E9E97A001F3837 /* Assets.xcassets in Resources */,
				0C93C31322EBA3E100A5973B /* AbrilFatface-Regular.otf in Resources */,
				0C93C32322EBA44C00A5973B /* kaushan-script in Resources */,
				0C93C32622EBA44C00A5973B /* Geometria in Resources */,
				0C93C32222EBA44C00A5973B /* Caviar Dreams in Resources */,
				0C93C32D22EBA44C00A5973B /* Pacifico in Resources */,
				0C93C33922ECA66F00A5973B /* Allura-Regular.otf in Resources */,
			);
			runOnlyForDeploymentPostprocessing = 0;
		};
		0CFD8C0922E9E97A001F3837 /* Resources */ = {
			isa = PBXResourcesBuildPhase;
			buildActionMask = 2147483647;
			files = (
			);
			runOnlyForDeploymentPostprocessing = 0;
		};
/* End PBXResourcesBuildPhase section */

/* Begin PBXSourcesBuildPhase section */
		0CFD8BF322E9E979001F3837 /* Sources */ = {
			isa = PBXSourcesBuildPhase;
			buildActionMask = 2147483647;
			files = (
				0C93C33422EBAADB00A5973B /* LettyTemplate.swift in Sources */,
				0C93C30822EB8B1200A5973B /* UIViewExtension.swift in Sources */,
				0C86EC5622ECBF030004D4AE /* LettyTemplateViewController.swift in Sources */,
				0C93C31022EBA33A00A5973B /* Colors.swift in Sources */,
				0C93C33722EBAC9200A5973B /* LettyTemplateCollectionViewCell.swift in Sources */,
				0C93C30A22EB8B3600A5973B /* PropertyConcatente.swift in Sources */,
				0CFD8C2022EB79F3001F3837 /* CGFloatExtension.swift in Sources */,
				0C93C33122EBAA2600A5973B /* Fonts.swift in Sources */,
				0CFD8BFD22E9E979001F3837 /* MainViewController.swift in Sources */,
				0CFD8BFB22E9E979001F3837 /* AppDelegate.swift in Sources */,
				0CFD8C1B22E9F523001F3837 /* CanvasView.swift in Sources */,
				0CFD8C1D22EB791A001F3837 /* LetteringSectionView.swift in Sources */,
				0C86EC6B22F35F000004D4AE /* PropertyLoopable.swift in Sources */,
				0C86EC5822ECCCC90004D4AE /* LettyBgCollectionViewCell.swift in Sources */,
				0C86EC6922F21FAA0004D4AE /* ColorPickerCollectionViewCell.swift in Sources */,
				0C86EC5A22ECCDAB0004D4AE /* LettyBg.swift in Sources */,
				0C86EC6622F1F4980004D4AE /* EditSectionViewController.swift in Sources */,
				0CFD8C2522EB7F6C001F3837 /* LetteringTemplate.swift in Sources */,
				0C93C30D22EB9C2100A5973B /* SimpleOneTemplateController.swift in Sources */,
				0C93C30622EB892F00A5973B /* SimpleOneTemplate.swift in Sources */,
			);
			runOnlyForDeploymentPostprocessing = 0;
		};
		0CFD8C0722E9E97A001F3837 /* Sources */ = {
			isa = PBXSourcesBuildPhase;
			buildActionMask = 2147483647;
			files = (
				0CFD8C1022E9E97A001F3837 /* LetterinTests.swift in Sources */,
			);
			runOnlyForDeploymentPostprocessing = 0;
		};
/* End PBXSourcesBuildPhase section */

/* Begin PBXTargetDependency section */
		0CFD8C0D22E9E97A001F3837 /* PBXTargetDependency */ = {
			isa = PBXTargetDependency;
			target = 0CFD8BF622E9E979001F3837 /* Letterin */;
			targetProxy = 0CFD8C0C22E9E97A001F3837 /* PBXContainerItemProxy */;
		};
/* End PBXTargetDependency section */

/* Begin PBXVariantGroup section */
		0CFD8C0322E9E97A001F3837 /* LaunchScreen.storyboard */ = {
			isa = PBXVariantGroup;
			children = (
				0CFD8C0422E9E97A001F3837 /* Base */,
			);
			name = LaunchScreen.storyboard;
			sourceTree = "<group>";
		};
/* End PBXVariantGroup section */

/* Begin XCBuildConfiguration section */
		0CFD8C1222E9E97A001F3837 /* Debug */ = {
			isa = XCBuildConfiguration;
			buildSettings = {
				ALWAYS_SEARCH_USER_PATHS = NO;
				CLANG_ANALYZER_NONNULL = YES;
				CLANG_ANALYZER_NUMBER_OBJECT_CONVERSION = YES_AGGRESSIVE;
				CLANG_CXX_LANGUAGE_STANDARD = "gnu++14";
				CLANG_CXX_LIBRARY = "libc++";
				CLANG_ENABLE_MODULES = YES;
				CLANG_ENABLE_OBJC_ARC = YES;
				CLANG_ENABLE_OBJC_WEAK = YES;
				CLANG_WARN_BLOCK_CAPTURE_AUTORELEASING = YES;
				CLANG_WARN_BOOL_CONVERSION = YES;
				CLANG_WARN_COMMA = YES;
				CLANG_WARN_CONSTANT_CONVERSION = YES;
				CLANG_WARN_DEPRECATED_OBJC_IMPLEMENTATIONS = YES;
				CLANG_WARN_DIRECT_OBJC_ISA_USAGE = YES_ERROR;
				CLANG_WARN_DOCUMENTATION_COMMENTS = YES;
				CLANG_WARN_EMPTY_BODY = YES;
				CLANG_WARN_ENUM_CONVERSION = YES;
				CLANG_WARN_INFINITE_RECURSION = YES;
				CLANG_WARN_INT_CONVERSION = YES;
				CLANG_WARN_NON_LITERAL_NULL_CONVERSION = YES;
				CLANG_WARN_OBJC_IMPLICIT_RETAIN_SELF = YES;
				CLANG_WARN_OBJC_LITERAL_CONVERSION = YES;
				CLANG_WARN_OBJC_ROOT_CLASS = YES_ERROR;
				CLANG_WARN_RANGE_LOOP_ANALYSIS = YES;
				CLANG_WARN_STRICT_PROTOTYPES = YES;
				CLANG_WARN_SUSPICIOUS_MOVE = YES;
				CLANG_WARN_UNGUARDED_AVAILABILITY = YES_AGGRESSIVE;
				CLANG_WARN_UNREACHABLE_CODE = YES;
				CLANG_WARN__DUPLICATE_METHOD_MATCH = YES;
				CODE_SIGN_IDENTITY = "iPhone Developer";
				COPY_PHASE_STRIP = NO;
				DEBUG_INFORMATION_FORMAT = dwarf;
				ENABLE_STRICT_OBJC_MSGSEND = YES;
				ENABLE_TESTABILITY = YES;
				GCC_C_LANGUAGE_STANDARD = gnu11;
				GCC_DYNAMIC_NO_PIC = NO;
				GCC_NO_COMMON_BLOCKS = YES;
				GCC_OPTIMIZATION_LEVEL = 0;
				GCC_PREPROCESSOR_DEFINITIONS = (
					"DEBUG=1",
					"$(inherited)",
				);
				GCC_WARN_64_TO_32_BIT_CONVERSION = YES;
				GCC_WARN_ABOUT_RETURN_TYPE = YES_ERROR;
				GCC_WARN_UNDECLARED_SELECTOR = YES;
				GCC_WARN_UNINITIALIZED_AUTOS = YES_AGGRESSIVE;
				GCC_WARN_UNUSED_FUNCTION = YES;
				GCC_WARN_UNUSED_VARIABLE = YES;
				IPHONEOS_DEPLOYMENT_TARGET = 12.4;
				MTL_ENABLE_DEBUG_INFO = INCLUDE_SOURCE;
				MTL_FAST_MATH = YES;
				ONLY_ACTIVE_ARCH = YES;
				SDKROOT = iphoneos;
				SWIFT_ACTIVE_COMPILATION_CONDITIONS = DEBUG;
				SWIFT_OPTIMIZATION_LEVEL = "-Onone";
			};
			name = Debug;
		};
		0CFD8C1322E9E97A001F3837 /* Release */ = {
			isa = XCBuildConfiguration;
			buildSettings = {
				ALWAYS_SEARCH_USER_PATHS = NO;
				CLANG_ANALYZER_NONNULL = YES;
				CLANG_ANALYZER_NUMBER_OBJECT_CONVERSION = YES_AGGRESSIVE;
				CLANG_CXX_LANGUAGE_STANDARD = "gnu++14";
				CLANG_CXX_LIBRARY = "libc++";
				CLANG_ENABLE_MODULES = YES;
				CLANG_ENABLE_OBJC_ARC = YES;
				CLANG_ENABLE_OBJC_WEAK = YES;
				CLANG_WARN_BLOCK_CAPTURE_AUTORELEASING = YES;
				CLANG_WARN_BOOL_CONVERSION = YES;
				CLANG_WARN_COMMA = YES;
				CLANG_WARN_CONSTANT_CONVERSION = YES;
				CLANG_WARN_DEPRECATED_OBJC_IMPLEMENTATIONS = YES;
				CLANG_WARN_DIRECT_OBJC_ISA_USAGE = YES_ERROR;
				CLANG_WARN_DOCUMENTATION_COMMENTS = YES;
				CLANG_WARN_EMPTY_BODY = YES;
				CLANG_WARN_ENUM_CONVERSION = YES;
				CLANG_WARN_INFINITE_RECURSION = YES;
				CLANG_WARN_INT_CONVERSION = YES;
				CLANG_WARN_NON_LITERAL_NULL_CONVERSION = YES;
				CLANG_WARN_OBJC_IMPLICIT_RETAIN_SELF = YES;
				CLANG_WARN_OBJC_LITERAL_CONVERSION = YES;
				CLANG_WARN_OBJC_ROOT_CLASS = YES_ERROR;
				CLANG_WARN_RANGE_LOOP_ANALYSIS = YES;
				CLANG_WARN_STRICT_PROTOTYPES = YES;
				CLANG_WARN_SUSPICIOUS_MOVE = YES;
				CLANG_WARN_UNGUARDED_AVAILABILITY = YES_AGGRESSIVE;
				CLANG_WARN_UNREACHABLE_CODE = YES;
				CLANG_WARN__DUPLICATE_METHOD_MATCH = YES;
				CODE_SIGN_IDENTITY = "iPhone Developer";
				COPY_PHASE_STRIP = NO;
				DEBUG_INFORMATION_FORMAT = "dwarf-with-dsym";
				ENABLE_NS_ASSERTIONS = NO;
				ENABLE_STRICT_OBJC_MSGSEND = YES;
				GCC_C_LANGUAGE_STANDARD = gnu11;
				GCC_NO_COMMON_BLOCKS = YES;
				GCC_WARN_64_TO_32_BIT_CONVERSION = YES;
				GCC_WARN_ABOUT_RETURN_TYPE = YES_ERROR;
				GCC_WARN_UNDECLARED_SELECTOR = YES;
				GCC_WARN_UNINITIALIZED_AUTOS = YES_AGGRESSIVE;
				GCC_WARN_UNUSED_FUNCTION = YES;
				GCC_WARN_UNUSED_VARIABLE = YES;
				IPHONEOS_DEPLOYMENT_TARGET = 12.4;
				MTL_ENABLE_DEBUG_INFO = NO;
				MTL_FAST_MATH = YES;
				SDKROOT = iphoneos;
				SWIFT_COMPILATION_MODE = wholemodule;
				SWIFT_OPTIMIZATION_LEVEL = "-O";
				VALIDATE_PRODUCT = YES;
			};
			name = Release;
		};
		0CFD8C1522E9E97A001F3837 /* Debug */ = {
			isa = XCBuildConfiguration;
			buildSettings = {
				ASSETCATALOG_COMPILER_APPICON_NAME = AppIcon;
				CODE_SIGN_STYLE = Automatic;
				DEVELOPMENT_TEAM = MR4W4QZ7CS;
				INFOPLIST_FILE = Letterin/Info.plist;
				IPHONEOS_DEPLOYMENT_TARGET = 12.3;
				LD_RUNPATH_SEARCH_PATHS = (
					"$(inherited)",
					"@executable_path/Frameworks",
				);
				PRODUCT_BUNDLE_IDENTIFIER = br.kb.Letterin;
				PRODUCT_NAME = "$(TARGET_NAME)";
				SWIFT_VERSION = 5.0;
				TARGETED_DEVICE_FAMILY = "1,2";
			};
			name = Debug;
		};
		0CFD8C1622E9E97A001F3837 /* Release */ = {
			isa = XCBuildConfiguration;
			buildSettings = {
				ASSETCATALOG_COMPILER_APPICON_NAME = AppIcon;
				CODE_SIGN_STYLE = Automatic;
				DEVELOPMENT_TEAM = MR4W4QZ7CS;
				INFOPLIST_FILE = Letterin/Info.plist;
				IPHONEOS_DEPLOYMENT_TARGET = 12.3;
				LD_RUNPATH_SEARCH_PATHS = (
					"$(inherited)",
					"@executable_path/Frameworks",
				);
				PRODUCT_BUNDLE_IDENTIFIER = br.kb.Letterin;
				PRODUCT_NAME = "$(TARGET_NAME)";
				SWIFT_VERSION = 5.0;
				TARGETED_DEVICE_FAMILY = "1,2";
			};
			name = Release;
		};
		0CFD8C1822E9E97A001F3837 /* Debug */ = {
			isa = XCBuildConfiguration;
			buildSettings = {
				ALWAYS_EMBED_SWIFT_STANDARD_LIBRARIES = YES;
				BUNDLE_LOADER = "$(TEST_HOST)";
				CODE_SIGN_STYLE = Automatic;
				DEVELOPMENT_TEAM = MR4W4QZ7CS;
				INFOPLIST_FILE = LetterinTests/Info.plist;
				LD_RUNPATH_SEARCH_PATHS = (
					"$(inherited)",
					"@executable_path/Frameworks",
					"@loader_path/Frameworks",
				);
				PRODUCT_BUNDLE_IDENTIFIER = br.kb.LetterinTests;
				PRODUCT_NAME = "$(TARGET_NAME)";
				SWIFT_VERSION = 5.0;
				TARGETED_DEVICE_FAMILY = "1,2";
				TEST_HOST = "$(BUILT_PRODUCTS_DIR)/Letterin.app/Letterin";
			};
			name = Debug;
		};
		0CFD8C1922E9E97A001F3837 /* Release */ = {
			isa = XCBuildConfiguration;
			buildSettings = {
				ALWAYS_EMBED_SWIFT_STANDARD_LIBRARIES = YES;
				BUNDLE_LOADER = "$(TEST_HOST)";
				CODE_SIGN_STYLE = Automatic;
				DEVELOPMENT_TEAM = MR4W4QZ7CS;
				INFOPLIST_FILE = LetterinTests/Info.plist;
				LD_RUNPATH_SEARCH_PATHS = (
					"$(inherited)",
					"@executable_path/Frameworks",
					"@loader_path/Frameworks",
				);
				PRODUCT_BUNDLE_IDENTIFIER = br.kb.LetterinTests;
				PRODUCT_NAME = "$(TARGET_NAME)";
				SWIFT_VERSION = 5.0;
				TARGETED_DEVICE_FAMILY = "1,2";
				TEST_HOST = "$(BUILT_PRODUCTS_DIR)/Letterin.app/Letterin";
			};
			name = Release;
		};
/* End XCBuildConfiguration section */

/* Begin XCConfigurationList section */
		0CFD8BF222E9E979001F3837 /* Build configuration list for PBXProject "Letterin" */ = {
			isa = XCConfigurationList;
			buildConfigurations = (
				0CFD8C1222E9E97A001F3837 /* Debug */,
				0CFD8C1322E9E97A001F3837 /* Release */,
			);
			defaultConfigurationIsVisible = 0;
			defaultConfigurationName = Release;
		};
		0CFD8C1422E9E97A001F3837 /* Build configuration list for PBXNativeTarget "Letterin" */ = {
			isa = XCConfigurationList;
			buildConfigurations = (
				0CFD8C1522E9E97A001F3837 /* Debug */,
				0CFD8C1622E9E97A001F3837 /* Release */,
			);
			defaultConfigurationIsVisible = 0;
			defaultConfigurationName = Release;
		};
		0CFD8C1722E9E97A001F3837 /* Build configuration list for PBXNativeTarget "LetterinTests" */ = {
			isa = XCConfigurationList;
			buildConfigurations = (
				0CFD8C1822E9E97A001F3837 /* Debug */,
				0CFD8C1922E9E97A001F3837 /* Release */,
			);
			defaultConfigurationIsVisible = 0;
			defaultConfigurationName = Release;
		};
/* End XCConfigurationList section */
	};
	rootObject = 0CFD8BEF22E9E979001F3837 /* Project object */;
}
